// !$*UTF8*$!
{
	archiveVersion = 1;
	classes = {
	};
	objectVersion = 77;
	objects = {

/* Begin PBXBuildFile section */
		02171B1CF1B267601CD84F76 /* GettingStartedView.swift in Sources */ = {isa = PBXBuildFile; fileRef = 42D275CBD11A53665C822756 /* GettingStartedView.swift */; };
		04EEA859DB4280A612C63920 /* SpaceGrotesk-Regular.ttf in Resources */ = {isa = PBXBuildFile; fileRef = 6F4EE1D143EA9CE8F4A1F55B /* SpaceGrotesk-Regular.ttf */; };
		072094EF45FAAB964B92ED96 /* NotchedMusicSection.swift in Sources */ = {isa = PBXBuildFile; fileRef = ABE67054BC3844742B2C0B80 /* NotchedMusicSection.swift */; };
		0B6C21186DA7A97F3E422175 /* SpaceGrotesk-Medium.ttf in Resources */ = {isa = PBXBuildFile; fileRef = 794B2D8AE368669B788EF894 /* SpaceGrotesk-Medium.ttf */; };
		120A7DA65BAD3F02048ADC3F /* NotchFilterBank.swift in Sources */ = {isa = PBXBuildFile; fileRef = BFDB690FF4A28D6227536F7C /* NotchFilterBank.swift */; };
		1E44A97A526F28CFE2697C0F /* TuneView.swift in Sources */ = {isa = PBXBuildFile; fileRef = CCF2F85B19E27A9D237A01CE /* TuneView.swift */; };
		1F69C7A356E96D3DDCEF6904 /* SessionView.swift in Sources */ = {isa = PBXBuildFile; fileRef = 4115A5556E5B01379E412883 /* SessionView.swift */; };
		200029503D61159F3A8B3A38 /* PlaylistTrack.swift in Sources */ = {isa = PBXBuildFile; fileRef = 82E1E95B694B2EEFCA5C7B75 /* PlaylistTrack.swift */; };
		227147BCE784DFE4D7F3B50C /* SpaceGrotesk-Bold.ttf in Resources */ = {isa = PBXBuildFile; fileRef = 6683F77E3C17D9D87C84EB82 /* SpaceGrotesk-Bold.ttf */; };
		23071B86E43664AFD0B0A1B7 /* UserProfile.swift in Sources */ = {isa = PBXBuildFile; fileRef = 9AE2ED9B1171FC109373E320 /* UserProfile.swift */; };
		2A6DFD6B6F3DDA205FFBE2FE /* OnboardingView.swift in Sources */ = {isa = PBXBuildFile; fileRef = 541C07AFB309F9290FC2B264 /* OnboardingView.swift */; };
		2E37D6EAB85EA94C78015F98 /* SpaceGrotesk-SemiBold.ttf in Resources */ = {isa = PBXBuildFile; fileRef = B4DAEA4446A7311F4C4769E4 /* SpaceGrotesk-SemiBold.ttf */; };
		328E18EB2D9D3F05605E83FF /* SubscriptionManager.swift in Sources */ = {isa = PBXBuildFile; fileRef = 01E782478E36A36E5CE7AFD3 /* SubscriptionManager.swift */; };
		33110C95F11176E1D2307A65 /* AudioEngineManager.swift in Sources */ = {isa = PBXBuildFile; fileRef = 13B82E1BDF7793EED36808B2 /* AudioEngineManager.swift */; };
		33EAD27986AC46DA4093746F /* FrequencyHeroView.swift in Sources */ = {isa = PBXBuildFile; fileRef = 9F42AC45A388A726DF4C9EAB /* FrequencyHeroView.swift */; };
		35E72F701EF0BFE1CFC2DC3F /* NoiseGenerator.swift in Sources */ = {isa = PBXBuildFile; fileRef = 896D48AA5E3F6A281B566738 /* NoiseGenerator.swift */; };
		3781AB50593D7E983EA34AA1 /* FrequencyPresetsView.swift in Sources */ = {isa = PBXBuildFile; fileRef = 27439A240BF2C1A90577D8B0 /* FrequencyPresetsView.swift */; };
		3D7C9E0C6414AA9C12D051DD /* AudioSessionConfig.swift in Sources */ = {isa = PBXBuildFile; fileRef = C7F8E76E524FE8D0857C724E /* AudioSessionConfig.swift */; };
		3F95B2CB06BEBBE3DAC96B40 /* TermsOfServiceView.swift in Sources */ = {isa = PBXBuildFile; fileRef = CA5AEA92A1BEC6381132607C /* TermsOfServiceView.swift */; };
		445135FB961A6AA95F6321F1 /* CircularTimerView.swift in Sources */ = {isa = PBXBuildFile; fileRef = D69F30DD26D2BD4A4CD26D73 /* CircularTimerView.swift */; };
		45524753E7855F5A7CC7BE5B /* TinnitusSession.swift in Sources */ = {isa = PBXBuildFile; fileRef = 08CF142A65D894144FCE2DFC /* TinnitusSession.swift */; };
		45DCD45ACCAC762947F0EBB6 /* Playlist.swift in Sources */ = {isa = PBXBuildFile; fileRef = 8259A3A684748E51F44F241C /* Playlist.swift */; };
		5283A3CA56EA72819FB0F51B /* MoodLightOverlay.swift in Sources */ = {isa = PBXBuildFile; fileRef = 52B2C3A88EA8A6D659630EA9 /* MoodLightOverlay.swift */; };
		5A078EEC9198EEC3185C97DE /* PlaylistListView.swift in Sources */ = {isa = PBXBuildFile; fileRef = B1B1361B82678037F34C9B66 /* PlaylistListView.swift */; };
		5FF4AE95AC2196AA4E98922E /* SeverityChartView.swift in Sources */ = {isa = PBXBuildFile; fileRef = 857A17CCE054436903A6E348 /* SeverityChartView.swift */; };
		68536EC94A98D457B472CDBE /* AppSettings.swift in Sources */ = {isa = PBXBuildFile; fileRef = F00898B2A3FCCB6BBDE1C9C5 /* AppSettings.swift */; };
		6EBC9507623970788F116ADA /* JournalRepository.swift in Sources */ = {isa = PBXBuildFile; fileRef = 8E5EE97B0975BA2A6FBEFD47 /* JournalRepository.swift */; };
		70AB271E219856C62C966D51 /* OscillatorNode.swift in Sources */ = {isa = PBXBuildFile; fileRef = 35DCBCF39149F17D028CA72F /* OscillatorNode.swift */; };
		71969184C074F8575802ACAC /* SessionStatsGrid.swift in Sources */ = {isa = PBXBuildFile; fileRef = 7CA962D83DC7FC72A26D0C38 /* SessionStatsGrid.swift */; };
		7292FF4D8423545B0AC67CC8 /* Theme.swift in Sources */ = {isa = PBXBuildFile; fileRef = F088D341D99D7E1BAE7F8F15 /* Theme.swift */; };
		7CE92B55BCA6B34968968635 /* PaywallView.swift in Sources */ = {isa = PBXBuildFile; fileRef = C4221B3FA4A30D67F3186C38 /* PaywallView.swift */; };
		7DCD4C147F72AD93FA938C89 /* TherapyVisualizationCanvas.swift in Sources */ = {isa = PBXBuildFile; fileRef = F614ACF78418FFC62ACB776A /* TherapyVisualizationCanvas.swift */; };
		820413AEAE907F5FE7A66721 /* JournalEntryRow.swift in Sources */ = {isa = PBXBuildFile; fileRef = E23F9CCBA2BBF5963E5969AA /* JournalEntryRow.swift */; };
		84B65D5FE182E5D5C9C9B284 /* AutoTuningSection.swift in Sources */ = {isa = PBXBuildFile; fileRef = 41F2F65D9796BBB88821A0AF /* AutoTuningSection.swift */; };
		90741276C18A80120C1C67D1 /* FrequencyAnalyzer.swift in Sources */ = {isa = PBXBuildFile; fileRef = 9A0C2B66B5A32537DA3AB979 /* FrequencyAnalyzer.swift */; };
		93263DD43352FA19285BA2E7 /* ContentView.swift in Sources */ = {isa = PBXBuildFile; fileRef = 0CDE443E6C0F2B38A05126EF /* ContentView.swift */; };
		98BABD458111950EF9E61A90 /* JournalEntry.swift in Sources */ = {isa = PBXBuildFile; fileRef = 0163B585B9A8207DA5F23B67 /* JournalEntry.swift */; };
		9D9C464F321BF28137B96675 /* SessionManager.swift in Sources */ = {isa = PBXBuildFile; fileRef = F8A4F743F8BAB97E2C7C4A39 /* SessionManager.swift */; };
		A1378C577EAF7B99B79F50EB /* PrivacyInfo.xcprivacy in Resources */ = {isa = PBXBuildFile; fileRef = 394BBF414BB8E1D8F05CE553 /* PrivacyInfo.xcprivacy */; };
		A4B368262C839F70F66DF9FA /* NotchedNoiseSection.swift in Sources */ = {isa = PBXBuildFile; fileRef = BD2624AD8E9E8742289F7F11 /* NotchedNoiseSection.swift */; };
		A72DCFDE56CDB9D8B13FDF19 /* HapticManager.swift in Sources */ = {isa = PBXBuildFile; fileRef = 94C13BA809EEE5FB5CEE4568 /* HapticManager.swift */; };
		A85EC9EECABD406C1A4C8074 /* CheckInSheet.swift in Sources */ = {isa = PBXBuildFile; fileRef = 2AF09862DE183EABFC54C255 /* CheckInSheet.swift */; };
		B2EB24D862C5B19ABDDF42FD /* DinoLogo.swift in Sources */ = {isa = PBXBuildFile; fileRef = 6DA8D3EEF4FCC5CB61EF3AE9 /* DinoLogo.swift */; };
		B3F5CA157A7BDD587186E3BC /* ManualTuningSection.swift in Sources */ = {isa = PBXBuildFile; fileRef = A7061B30B5E79ADA960442AC /* ManualTuningSection.swift */; };
		B4FDFC9DA5F0991AEBEE51A7 /* NotificationManager.swift in Sources */ = {isa = PBXBuildFile; fileRef = 19B827ABA67F3C32E7F8079E /* NotificationManager.swift */; };
		B5CBB8C72D17C0F1E3DC3F98 /* TinnitussaurusApp.swift in Sources */ = {isa = PBXBuildFile; fileRef = CDDE6C8127E7B6C4DA6BD350 /* TinnitussaurusApp.swift */; };
		B9429831FCA46F749E588F5B /* PrivacyPolicyView.swift in Sources */ = {isa = PBXBuildFile; fileRef = 0B3002E608D35DF6B8CCB05F /* PrivacyPolicyView.swift */; };
		C44853A09BF15FB4D9C8FACE /* PlaylistDetailView.swift in Sources */ = {isa = PBXBuildFile; fileRef = 3A1F01E1A0B9D69B91694256 /* PlaylistDetailView.swift */; };
		C4D8563F67880ADD93EE83C5 /* TherapyView.swift in Sources */ = {isa = PBXBuildFile; fileRef = 8B7E3E1F2AA46BB4EB09D311 /* TherapyView.swift */; };
		C5044C42535421C7BCD9BDAD /* RevenueCat in Frameworks */ = {isa = PBXBuildFile; productRef = 1CE102B0D7AA09ABBDF3A602 /* RevenueCat */; };
		CC0DDD95A1793E7A51337C27 /* ExportManager.swift in Sources */ = {isa = PBXBuildFile; fileRef = EC0BBCAFE5AAA856A8770938 /* ExportManager.swift */; };
		CF3BF2334C5D2E4EC5F133E5 /* TinnitussaurusTests.swift in Sources */ = {isa = PBXBuildFile; fileRef = 5CEC9421B8C7A18351881604 /* TinnitussaurusTests.swift */; };
		DA21546A9577E27D9863722B /* SpectrumCanvas.swift in Sources */ = {isa = PBXBuildFile; fileRef = 0B7E646FDAE5C890DF2BA752 /* SpectrumCanvas.swift */; };
		DB43C461FCB2BDFC71F53050 /* ProfileRepository.swift in Sources */ = {isa = PBXBuildFile; fileRef = FE3C1EBD3FCA81C0EE184698 /* ProfileRepository.swift */; };
		DFC2AAD0E045B3F312351AB3 /* PlaylistSheetView.swift in Sources */ = {isa = PBXBuildFile; fileRef = D84CB26E16A5B3F22809FD61 /* PlaylistSheetView.swift */; };
		E0E4B9EFCB09F3A5DD256665 /* Assets.xcassets in Resources */ = {isa = PBXBuildFile; fileRef = C95DC3BCCCE9F1E8D327F737 /* Assets.xcassets */; };
		E4FAA506A1EA77F07015A6C2 /* SessionRepository.swift in Sources */ = {isa = PBXBuildFile; fileRef = 0CEAA705B633D54A617417ED /* SessionRepository.swift */; };
		F0E4AF56F786DF073CAA4DF6 /* TinnitussaurusUITests.swift in Sources */ = {isa = PBXBuildFile; fileRef = BB88AB6C56BB05F9B3EAC20A /* TinnitussaurusUITests.swift */; };
		F4549C58997BF1C49D7E14E6 /* Inter-Regular.ttf in Resources */ = {isa = PBXBuildFile; fileRef = 6E09952FFA0ED5B47578CC46 /* Inter-Regular.ttf */; };
		FBCA37B621130D0ADB401C1D /* JournalView.swift in Sources */ = {isa = PBXBuildFile; fileRef = F828A3936BD1413DD45D4D54 /* JournalView.swift */; };
		FF6243F34939B49924187E18 /* SettingsView.swift in Sources */ = {isa = PBXBuildFile; fileRef = 3004E90268869C47BDD099CB /* SettingsView.swift */; };
/* End PBXBuildFile section */

/* Begin PBXContainerItemProxy section */
		3FA508D37578A576E1A466A6 /* PBXContainerItemProxy */ = {
			isa = PBXContainerItemProxy;
			containerPortal = A8442FC0529EB968EE864226 /* Project object */;
			proxyType = 1;
			remoteGlobalIDString = F30C2B291727D2DF2E8AEB9E;
			remoteInfo = Tinnitussaurus;
		};
		FAE8898B28362F6F7DDE7769 /* PBXContainerItemProxy */ = {
			isa = PBXContainerItemProxy;
			containerPortal = A8442FC0529EB968EE864226 /* Project object */;
			proxyType = 1;
			remoteGlobalIDString = F30C2B291727D2DF2E8AEB9E;
			remoteInfo = Tinnitussaurus;
		};
/* End PBXContainerItemProxy section */

/* Begin PBXFileReference section */
		0163B585B9A8207DA5F23B67 /* JournalEntry.swift */ = {isa = PBXFileReference; lastKnownFileType = sourcecode.swift; path = JournalEntry.swift; sourceTree = "<group>"; };
		01E782478E36A36E5CE7AFD3 /* SubscriptionManager.swift */ = {isa = PBXFileReference; lastKnownFileType = sourcecode.swift; path = SubscriptionManager.swift; sourceTree = "<group>"; };
		08CF142A65D894144FCE2DFC /* TinnitusSession.swift */ = {isa = PBXFileReference; lastKnownFileType = sourcecode.swift; path = TinnitusSession.swift; sourceTree = "<group>"; };
		0B3002E608D35DF6B8CCB05F /* PrivacyPolicyView.swift */ = {isa = PBXFileReference; lastKnownFileType = sourcecode.swift; path = PrivacyPolicyView.swift; sourceTree = "<group>"; };
		0B7E646FDAE5C890DF2BA752 /* SpectrumCanvas.swift */ = {isa = PBXFileReference; lastKnownFileType = sourcecode.swift; path = SpectrumCanvas.swift; sourceTree = "<group>"; };
		0CDE443E6C0F2B38A05126EF /* ContentView.swift */ = {isa = PBXFileReference; lastKnownFileType = sourcecode.swift; path = ContentView.swift; sourceTree = "<group>"; };
		0CEAA705B633D54A617417ED /* SessionRepository.swift */ = {isa = PBXFileReference; lastKnownFileType = sourcecode.swift; path = SessionRepository.swift; sourceTree = "<group>"; };
		0E719C0CD435400A2A57B7DC /* Info.plist */ = {isa = PBXFileReference; lastKnownFileType = text.plist; path = Info.plist; sourceTree = "<group>"; };
		13B82E1BDF7793EED36808B2 /* AudioEngineManager.swift */ = {isa = PBXFileReference; lastKnownFileType = sourcecode.swift; path = AudioEngineManager.swift; sourceTree = "<group>"; };
		19B827ABA67F3C32E7F8079E /* NotificationManager.swift */ = {isa = PBXFileReference; lastKnownFileType = sourcecode.swift; path = NotificationManager.swift; sourceTree = "<group>"; };
		27439A240BF2C1A90577D8B0 /* FrequencyPresetsView.swift */ = {isa = PBXFileReference; lastKnownFileType = sourcecode.swift; path = FrequencyPresetsView.swift; sourceTree = "<group>"; };
		2AF09862DE183EABFC54C255 /* CheckInSheet.swift */ = {isa = PBXFileReference; lastKnownFileType = sourcecode.swift; path = CheckInSheet.swift; sourceTree = "<group>"; };
		3004E90268869C47BDD099CB /* SettingsView.swift */ = {isa = PBXFileReference; lastKnownFileType = sourcecode.swift; path = SettingsView.swift; sourceTree = "<group>"; };
		35DCBCF39149F17D028CA72F /* OscillatorNode.swift */ = {isa = PBXFileReference; lastKnownFileType = sourcecode.swift; path = OscillatorNode.swift; sourceTree = "<group>"; };
		394BBF414BB8E1D8F05CE553 /* PrivacyInfo.xcprivacy */ = {isa = PBXFileReference; path = PrivacyInfo.xcprivacy; sourceTree = "<group>"; };
		3A1F01E1A0B9D69B91694256 /* PlaylistDetailView.swift */ = {isa = PBXFileReference; lastKnownFileType = sourcecode.swift; path = PlaylistDetailView.swift; sourceTree = "<group>"; };
		4115A5556E5B01379E412883 /* SessionView.swift */ = {isa = PBXFileReference; lastKnownFileType = sourcecode.swift; path = SessionView.swift; sourceTree = "<group>"; };
		41F2F65D9796BBB88821A0AF /* AutoTuningSection.swift */ = {isa = PBXFileReference; lastKnownFileType = sourcecode.swift; path = AutoTuningSection.swift; sourceTree = "<group>"; };
		42D275CBD11A53665C822756 /* GettingStartedView.swift */ = {isa = PBXFileReference; lastKnownFileType = sourcecode.swift; path = GettingStartedView.swift; sourceTree = "<group>"; };
		52B2C3A88EA8A6D659630EA9 /* MoodLightOverlay.swift */ = {isa = PBXFileReference; lastKnownFileType = sourcecode.swift; path = MoodLightOverlay.swift; sourceTree = "<group>"; };
		541C07AFB309F9290FC2B264 /* OnboardingView.swift */ = {isa = PBXFileReference; lastKnownFileType = sourcecode.swift; path = OnboardingView.swift; sourceTree = "<group>"; };
		5B7DFBEAB84F805039939247 /* Release.xcconfig */ = {isa = PBXFileReference; lastKnownFileType = text.xcconfig; path = Release.xcconfig; sourceTree = "<group>"; };
		5CEC9421B8C7A18351881604 /* TinnitussaurusTests.swift */ = {isa = PBXFileReference; lastKnownFileType = sourcecode.swift; path = TinnitussaurusTests.swift; sourceTree = "<group>"; };
		60C25BE2ED712F3EA5216898 /* Tinnitussaurus.app */ = {isa = PBXFileReference; includeInIndex = 0; lastKnownFileType = wrapper.application; path = Tinnitussaurus.app; sourceTree = BUILT_PRODUCTS_DIR; };
		6683F77E3C17D9D87C84EB82 /* SpaceGrotesk-Bold.ttf */ = {isa = PBXFileReference; lastKnownFileType = file; path = "SpaceGrotesk-Bold.ttf"; sourceTree = "<group>"; };
		69F4EE0DD09B9E6C9B07608E /* Debug.xcconfig */ = {isa = PBXFileReference; lastKnownFileType = text.xcconfig; path = Debug.xcconfig; sourceTree = "<group>"; };
		6DA8D3EEF4FCC5CB61EF3AE9 /* DinoLogo.swift */ = {isa = PBXFileReference; lastKnownFileType = sourcecode.swift; path = DinoLogo.swift; sourceTree = "<group>"; };
		6E09952FFA0ED5B47578CC46 /* Inter-Regular.ttf */ = {isa = PBXFileReference; lastKnownFileType = file; path = "Inter-Regular.ttf"; sourceTree = "<group>"; };
		6F4EE1D143EA9CE8F4A1F55B /* SpaceGrotesk-Regular.ttf */ = {isa = PBXFileReference; lastKnownFileType = file; path = "SpaceGrotesk-Regular.ttf"; sourceTree = "<group>"; };
		794B2D8AE368669B788EF894 /* SpaceGrotesk-Medium.ttf */ = {isa = PBXFileReference; lastKnownFileType = file; path = "SpaceGrotesk-Medium.ttf"; sourceTree = "<group>"; };
		7CA962D83DC7FC72A26D0C38 /* SessionStatsGrid.swift */ = {isa = PBXFileReference; lastKnownFileType = sourcecode.swift; path = SessionStatsGrid.swift; sourceTree = "<group>"; };
		8259A3A684748E51F44F241C /* Playlist.swift */ = {isa = PBXFileReference; lastKnownFileType = sourcecode.swift; path = Playlist.swift; sourceTree = "<group>"; };
		82E1E95B694B2EEFCA5C7B75 /* PlaylistTrack.swift */ = {isa = PBXFileReference; lastKnownFileType = sourcecode.swift; path = PlaylistTrack.swift; sourceTree = "<group>"; };
		857A17CCE054436903A6E348 /* SeverityChartView.swift */ = {isa = PBXFileReference; lastKnownFileType = sourcecode.swift; path = SeverityChartView.swift; sourceTree = "<group>"; };
		896D48AA5E3F6A281B566738 /* NoiseGenerator.swift */ = {isa = PBXFileReference; lastKnownFileType = sourcecode.swift; path = NoiseGenerator.swift; sourceTree = "<group>"; };
		8B7E3E1F2AA46BB4EB09D311 /* TherapyView.swift */ = {isa = PBXFileReference; lastKnownFileType = sourcecode.swift; path = TherapyView.swift; sourceTree = "<group>"; };
		8E5EE97B0975BA2A6FBEFD47 /* JournalRepository.swift */ = {isa = PBXFileReference; lastKnownFileType = sourcecode.swift; path = JournalRepository.swift; sourceTree = "<group>"; };
		94C13BA809EEE5FB5CEE4568 /* HapticManager.swift */ = {isa = PBXFileReference; lastKnownFileType = sourcecode.swift; path = HapticManager.swift; sourceTree = "<group>"; };
		9A0C2B66B5A32537DA3AB979 /* FrequencyAnalyzer.swift */ = {isa = PBXFileReference; lastKnownFileType = sourcecode.swift; path = FrequencyAnalyzer.swift; sourceTree = "<group>"; };
		9AE2ED9B1171FC109373E320 /* UserProfile.swift */ = {isa = PBXFileReference; lastKnownFileType = sourcecode.swift; path = UserProfile.swift; sourceTree = "<group>"; };
		9F42AC45A388A726DF4C9EAB /* FrequencyHeroView.swift */ = {isa = PBXFileReference; lastKnownFileType = sourcecode.swift; path = FrequencyHeroView.swift; sourceTree = "<group>"; };
		A7061B30B5E79ADA960442AC /* ManualTuningSection.swift */ = {isa = PBXFileReference; lastKnownFileType = sourcecode.swift; path = ManualTuningSection.swift; sourceTree = "<group>"; };
		ABE67054BC3844742B2C0B80 /* NotchedMusicSection.swift */ = {isa = PBXFileReference; lastKnownFileType = sourcecode.swift; path = NotchedMusicSection.swift; sourceTree = "<group>"; };
		B1B1361B82678037F34C9B66 /* PlaylistListView.swift */ = {isa = PBXFileReference; lastKnownFileType = sourcecode.swift; path = PlaylistListView.swift; sourceTree = "<group>"; };
		B4DAEA4446A7311F4C4769E4 /* SpaceGrotesk-SemiBold.ttf */ = {isa = PBXFileReference; lastKnownFileType = file; path = "SpaceGrotesk-SemiBold.ttf"; sourceTree = "<group>"; };
		BA74761A463C380D4F63AA93 /* TinnitussaurusUITests.xctest */ = {isa = PBXFileReference; includeInIndex = 0; lastKnownFileType = wrapper.cfbundle; path = TinnitussaurusUITests.xctest; sourceTree = BUILT_PRODUCTS_DIR; };
		BB88AB6C56BB05F9B3EAC20A /* TinnitussaurusUITests.swift */ = {isa = PBXFileReference; lastKnownFileType = sourcecode.swift; path = TinnitussaurusUITests.swift; sourceTree = "<group>"; };
		BD2624AD8E9E8742289F7F11 /* NotchedNoiseSection.swift */ = {isa = PBXFileReference; lastKnownFileType = sourcecode.swift; path = NotchedNoiseSection.swift; sourceTree = "<group>"; };
		BFDB690FF4A28D6227536F7C /* NotchFilterBank.swift */ = {isa = PBXFileReference; lastKnownFileType = sourcecode.swift; path = NotchFilterBank.swift; sourceTree = "<group>"; };
		C09705CE03F2DD96E69F55E1 /* Tinnitussaurus.entitlements */ = {isa = PBXFileReference; lastKnownFileType = text.plist.entitlements; path = Tinnitussaurus.entitlements; sourceTree = "<group>"; };
		C4221B3FA4A30D67F3186C38 /* PaywallView.swift */ = {isa = PBXFileReference; lastKnownFileType = sourcecode.swift; path = PaywallView.swift; sourceTree = "<group>"; };
		C7F8E76E524FE8D0857C724E /* AudioSessionConfig.swift */ = {isa = PBXFileReference; lastKnownFileType = sourcecode.swift; path = AudioSessionConfig.swift; sourceTree = "<group>"; };
		C95DC3BCCCE9F1E8D327F737 /* Assets.xcassets */ = {isa = PBXFileReference; lastKnownFileType = folder.assetcatalog; path = Assets.xcassets; sourceTree = "<group>"; };
		CA5AEA92A1BEC6381132607C /* TermsOfServiceView.swift */ = {isa = PBXFileReference; lastKnownFileType = sourcecode.swift; path = TermsOfServiceView.swift; sourceTree = "<group>"; };
		CCF2F85B19E27A9D237A01CE /* TuneView.swift */ = {isa = PBXFileReference; lastKnownFileType = sourcecode.swift; path = TuneView.swift; sourceTree = "<group>"; };
		CDDE6C8127E7B6C4DA6BD350 /* TinnitussaurusApp.swift */ = {isa = PBXFileReference; lastKnownFileType = sourcecode.swift; path = TinnitussaurusApp.swift; sourceTree = "<group>"; };
		D69F30DD26D2BD4A4CD26D73 /* CircularTimerView.swift */ = {isa = PBXFileReference; lastKnownFileType = sourcecode.swift; path = CircularTimerView.swift; sourceTree = "<group>"; };
		D84CB26E16A5B3F22809FD61 /* PlaylistSheetView.swift */ = {isa = PBXFileReference; lastKnownFileType = sourcecode.swift; path = PlaylistSheetView.swift; sourceTree = "<group>"; };
		E23F9CCBA2BBF5963E5969AA /* JournalEntryRow.swift */ = {isa = PBXFileReference; lastKnownFileType = sourcecode.swift; path = JournalEntryRow.swift; sourceTree = "<group>"; };
		EC0BBCAFE5AAA856A8770938 /* ExportManager.swift */ = {isa = PBXFileReference; lastKnownFileType = sourcecode.swift; path = ExportManager.swift; sourceTree = "<group>"; };
		EEF5DCA00D039DF97DA1DF1A /* TinnitussaurusTests.xctest */ = {isa = PBXFileReference; includeInIndex = 0; lastKnownFileType = wrapper.cfbundle; path = TinnitussaurusTests.xctest; sourceTree = BUILT_PRODUCTS_DIR; };
		F00898B2A3FCCB6BBDE1C9C5 /* AppSettings.swift */ = {isa = PBXFileReference; lastKnownFileType = sourcecode.swift; path = AppSettings.swift; sourceTree = "<group>"; };
		F088D341D99D7E1BAE7F8F15 /* Theme.swift */ = {isa = PBXFileReference; lastKnownFileType = sourcecode.swift; path = Theme.swift; sourceTree = "<group>"; };
		F614ACF78418FFC62ACB776A /* TherapyVisualizationCanvas.swift */ = {isa = PBXFileReference; lastKnownFileType = sourcecode.swift; path = TherapyVisualizationCanvas.swift; sourceTree = "<group>"; };
		F828A3936BD1413DD45D4D54 /* JournalView.swift */ = {isa = PBXFileReference; lastKnownFileType = sourcecode.swift; path = JournalView.swift; sourceTree = "<group>"; };
		F8A4F743F8BAB97E2C7C4A39 /* SessionManager.swift */ = {isa = PBXFileReference; lastKnownFileType = sourcecode.swift; path = SessionManager.swift; sourceTree = "<group>"; };
		FE3C1EBD3FCA81C0EE184698 /* ProfileRepository.swift */ = {isa = PBXFileReference; lastKnownFileType = sourcecode.swift; path = ProfileRepository.swift; sourceTree = "<group>"; };
/* End PBXFileReference section */

/* Begin PBXFrameworksBuildPhase section */
		63961014E1E732FEB9C7D5FA /* Frameworks */ = {
			isa = PBXFrameworksBuildPhase;
			buildActionMask = 2147483647;
			files = (
				C5044C42535421C7BCD9BDAD /* RevenueCat in Frameworks */,
			);
			runOnlyForDeploymentPostprocessing = 0;
		};
/* End PBXFrameworksBuildPhase section */

/* Begin PBXGroup section */
		08C9FA51DC81003B9762725F /* Legal */ = {
			isa = PBXGroup;
			children = (
				0B3002E608D35DF6B8CCB05F /* PrivacyPolicyView.swift */,
				CA5AEA92A1BEC6381132607C /* TermsOfServiceView.swift */,
			);
			path = Legal;
			sourceTree = "<group>";
		};
		09F00A101307B61253A22D43 /* Views */ = {
			isa = PBXGroup;
			children = (
				2AF09862DE183EABFC54C255 /* CheckInSheet.swift */,
				E23F9CCBA2BBF5963E5969AA /* JournalEntryRow.swift */,
				F828A3936BD1413DD45D4D54 /* JournalView.swift */,
				857A17CCE054436903A6E348 /* SeverityChartView.swift */,
			);
			path = Views;
			sourceTree = "<group>";
		};
		0E9735A29CDC9BFC74CD5627 = {
			isa = PBXGroup;
			children = (
				3F31D569A8BA9FF89BC33EF1 /* Tinnitussaurus */,
				D33505F23DD989D475E055D4 /* Tinnitussaurus */,
				B94A05606C97CCB16B6A6A3A /* TinnitussaurusTests */,
				F895AAE29448633D81C3E1B9 /* TinnitussaurusUITests */,
				58CF8B5B7897635324524267 /* Products */,
			);
			sourceTree = "<group>";
		};
		140D6A56F743C93946886520 /* Views */ = {
			isa = PBXGroup;
			children = (
				C4221B3FA4A30D67F3186C38 /* PaywallView.swift */,
			);
			path = Views;
			sourceTree = "<group>";
		};
		15BF16316E092A6BE6902239 /* Extensions */ = {
			isa = PBXGroup;
			children = (
			);
			path = Extensions;
			sourceTree = "<group>";
		};
		18B3C3A12DD390972FFD26F1 /* Views */ = {
			isa = PBXGroup;
			children = (
				D69F30DD26D2BD4A4CD26D73 /* CircularTimerView.swift */,
				7CA962D83DC7FC72A26D0C38 /* SessionStatsGrid.swift */,
				4115A5556E5B01379E412883 /* SessionView.swift */,
			);
			path = Views;
			sourceTree = "<group>";
		};
		1F5C62EDF9139C88B301B607 /* Preview Content */ = {
			isa = PBXGroup;
			children = (
			);
			path = "Preview Content";
			sourceTree = "<group>";
		};
		24B1B062A68988CC58B20EC7 /* Help */ = {
			isa = PBXGroup;
			children = (
				42D275CBD11A53665C822756 /* GettingStartedView.swift */,
			);
			path = Help;
			sourceTree = "<group>";
		};
		2C9E982136DD4FA15097E66A /* Views */ = {
			isa = PBXGroup;
			children = (
				41F2F65D9796BBB88821A0AF /* AutoTuningSection.swift */,
				9F42AC45A388A726DF4C9EAB /* FrequencyHeroView.swift */,
				27439A240BF2C1A90577D8B0 /* FrequencyPresetsView.swift */,
				A7061B30B5E79ADA960442AC /* ManualTuningSection.swift */,
				CCF2F85B19E27A9D237A01CE /* TuneView.swift */,
			);
			path = Views;
			sourceTree = "<group>";
		};
		2E68F9DC6B080476D8D879CF /* Journal */ = {
			isa = PBXGroup;
			children = (
				09F00A101307B61253A22D43 /* Views */,
			);
			path = Journal;
			sourceTree = "<group>";
		};
		35FBC05D3EF4AECC449B91D2 /* SharedViews */ = {
			isa = PBXGroup;
			children = (
				49DF2BE6B63BAF6296B5E953 /* Components */,
			);
			path = SharedViews;
			sourceTree = "<group>";
		};
		36E348F2FE4198C5C8CA11BD /* Session */ = {
			isa = PBXGroup;
			children = (
				18B3C3A12DD390972FFD26F1 /* Views */,
			);
			path = Session;
			sourceTree = "<group>";
		};
		3F31D569A8BA9FF89BC33EF1 /* Tinnitussaurus */ = {
			isa = PBXGroup;
			children = (
				0E719C0CD435400A2A57B7DC /* Info.plist */,
				394BBF414BB8E1D8F05CE553 /* PrivacyInfo.xcprivacy */,
				C09705CE03F2DD96E69F55E1 /* Tinnitussaurus.entitlements */,
				F4C8EE94536CD538ED84BC0C /* App */,
				E5CCA7600A1D32F14293DA23 /* Core */,
				A79030955BF467241A573FB4 /* Features */,
				1F5C62EDF9139C88B301B607 /* Preview Content */,
				81FB46B0E82FE40AB645511C /* Resources */,
				35FBC05D3EF4AECC449B91D2 /* SharedViews */,
			);
			path = Tinnitussaurus;
			sourceTree = "<group>";
		};
		41050627ABD65AA30F68C264 /* Audio */ = {
			isa = PBXGroup;
			children = (
				13B82E1BDF7793EED36808B2 /* AudioEngineManager.swift */,
				C7F8E76E524FE8D0857C724E /* AudioSessionConfig.swift */,
				9A0C2B66B5A32537DA3AB979 /* FrequencyAnalyzer.swift */,
				896D48AA5E3F6A281B566738 /* NoiseGenerator.swift */,
				BFDB690FF4A28D6227536F7C /* NotchFilterBank.swift */,
				35DCBCF39149F17D028CA72F /* OscillatorNode.swift */,
			);
			path = Audio;
			sourceTree = "<group>";
		};
		49DF2BE6B63BAF6296B5E953 /* Components */ = {
			isa = PBXGroup;
			children = (
				6DA8D3EEF4FCC5CB61EF3AE9 /* DinoLogo.swift */,
				52B2C3A88EA8A6D659630EA9 /* MoodLightOverlay.swift */,
				0B7E646FDAE5C890DF2BA752 /* SpectrumCanvas.swift */,
				F614ACF78418FFC62ACB776A /* TherapyVisualizationCanvas.swift */,
			);
			path = Components;
			sourceTree = "<group>";
		};
		4AADA01DD13F9BA3E49F803F /* Views */ = {
			isa = PBXGroup;
			children = (
				ABE67054BC3844742B2C0B80 /* NotchedMusicSection.swift */,
				BD2624AD8E9E8742289F7F11 /* NotchedNoiseSection.swift */,
				3A1F01E1A0B9D69B91694256 /* PlaylistDetailView.swift */,
				B1B1361B82678037F34C9B66 /* PlaylistListView.swift */,
				D84CB26E16A5B3F22809FD61 /* PlaylistSheetView.swift */,
				8B7E3E1F2AA46BB4EB09D311 /* TherapyView.swift */,
			);
			path = Views;
			sourceTree = "<group>";
		};
		5395EEF7A75266F7DC71244C /* Paywall */ = {
			isa = PBXGroup;
			children = (
				140D6A56F743C93946886520 /* Views */,
			);
			path = Paywall;
			sourceTree = "<group>";
		};
		58CF8B5B7897635324524267 /* Products */ = {
			isa = PBXGroup;
			children = (
				60C25BE2ED712F3EA5216898 /* Tinnitussaurus.app */,
				EEF5DCA00D039DF97DA1DF1A /* TinnitussaurusTests.xctest */,
				BA74761A463C380D4F63AA93 /* TinnitussaurusUITests.xctest */,
			);
			name = Products;
			sourceTree = "<group>";
		};
		5960E4195675864232C5ED18 /* Theme */ = {
			isa = PBXGroup;
			children = (
				F088D341D99D7E1BAE7F8F15 /* Theme.swift */,
			);
			path = Theme;
			sourceTree = "<group>";
		};
		5BA05A577DCF309898CFE3CE /* Models */ = {
			isa = PBXGroup;
			children = (
				0163B585B9A8207DA5F23B67 /* JournalEntry.swift */,
				8259A3A684748E51F44F241C /* Playlist.swift */,
				82E1E95B694B2EEFCA5C7B75 /* PlaylistTrack.swift */,
				08CF142A65D894144FCE2DFC /* TinnitusSession.swift */,
				9AE2ED9B1171FC109373E320 /* UserProfile.swift */,
			);
			path = Models;
			sourceTree = "<group>";
		};
		5EE579DBDC5CD3DA76EF8533 /* Managers */ = {
			isa = PBXGroup;
			children = (
				F00898B2A3FCCB6BBDE1C9C5 /* AppSettings.swift */,
				EC0BBCAFE5AAA856A8770938 /* ExportManager.swift */,
				94C13BA809EEE5FB5CEE4568 /* HapticManager.swift */,
				19B827ABA67F3C32E7F8079E /* NotificationManager.swift */,
				F8A4F743F8BAB97E2C7C4A39 /* SessionManager.swift */,
				01E782478E36A36E5CE7AFD3 /* SubscriptionManager.swift */,
			);
			path = Managers;
			sourceTree = "<group>";
		};
		81FB46B0E82FE40AB645511C /* Resources */ = {
			isa = PBXGroup;
			children = (
				C95DC3BCCCE9F1E8D327F737 /* Assets.xcassets */,
				B24B411BCDEFF5866E99C2B6 /* Fonts */,
			);
			path = Resources;
			sourceTree = "<group>";
		};
		84321A54C8B872BF30C97D42 /* Onboarding */ = {
			isa = PBXGroup;
			children = (
				D4E002A07EB6A938608C30A3 /* Views */,
			);
			path = Onboarding;
			sourceTree = "<group>";
		};
		A79030955BF467241A573FB4 /* Features */ = {
			isa = PBXGroup;
			children = (
				0CDE443E6C0F2B38A05126EF /* ContentView.swift */,
				24B1B062A68988CC58B20EC7 /* Help */,
				2E68F9DC6B080476D8D879CF /* Journal */,
				08C9FA51DC81003B9762725F /* Legal */,
				84321A54C8B872BF30C97D42 /* Onboarding */,
				5395EEF7A75266F7DC71244C /* Paywall */,
				36E348F2FE4198C5C8CA11BD /* Session */,
				D68341EC212C75D4AB733441 /* Settings */,
				CE0B269B1A3FDEC1966CBE68 /* Therapy */,
				C50778C5E1EF390E6A74AEBF /* Tune */,
			);
			path = Features;
			sourceTree = "<group>";
		};
		A8C5ED2AAEA604C657261C3D /* Repositories */ = {
			isa = PBXGroup;
			children = (
				8E5EE97B0975BA2A6FBEFD47 /* JournalRepository.swift */,
				FE3C1EBD3FCA81C0EE184698 /* ProfileRepository.swift */,
				0CEAA705B633D54A617417ED /* SessionRepository.swift */,
			);
			path = Repositories;
			sourceTree = "<group>";
		};
		B24B411BCDEFF5866E99C2B6 /* Fonts */ = {
			isa = PBXGroup;
			children = (
				6E09952FFA0ED5B47578CC46 /* Inter-Regular.ttf */,
				6683F77E3C17D9D87C84EB82 /* SpaceGrotesk-Bold.ttf */,
				794B2D8AE368669B788EF894 /* SpaceGrotesk-Medium.ttf */,
				6F4EE1D143EA9CE8F4A1F55B /* SpaceGrotesk-Regular.ttf */,
				B4DAEA4446A7311F4C4769E4 /* SpaceGrotesk-SemiBold.ttf */,
			);
			path = Fonts;
			sourceTree = "<group>";
		};
		B94A05606C97CCB16B6A6A3A /* TinnitussaurusTests */ = {
			isa = PBXGroup;
			children = (
				5CEC9421B8C7A18351881604 /* TinnitussaurusTests.swift */,
			);
			path = TinnitussaurusTests;
			sourceTree = "<group>";
		};
		C50778C5E1EF390E6A74AEBF /* Tune */ = {
			isa = PBXGroup;
			children = (
				2C9E982136DD4FA15097E66A /* Views */,
			);
			path = Tune;
			sourceTree = "<group>";
		};
		CE0B269B1A3FDEC1966CBE68 /* Therapy */ = {
			isa = PBXGroup;
			children = (
				4AADA01DD13F9BA3E49F803F /* Views */,
			);
			path = Therapy;
			sourceTree = "<group>";
		};
		D33505F23DD989D475E055D4 /* Tinnitussaurus */ = {
			isa = PBXGroup;
			children = (
				69F4EE0DD09B9E6C9B07608E /* Debug.xcconfig */,
				5B7DFBEAB84F805039939247 /* Release.xcconfig */,
			);
			name = Tinnitussaurus;
			path = .;
			sourceTree = "<group>";
		};
		D4E002A07EB6A938608C30A3 /* Views */ = {
			isa = PBXGroup;
			children = (
				541C07AFB309F9290FC2B264 /* OnboardingView.swift */,
			);
			path = Views;
			sourceTree = "<group>";
		};
		D68341EC212C75D4AB733441 /* Settings */ = {
			isa = PBXGroup;
			children = (
				3004E90268869C47BDD099CB /* SettingsView.swift */,
			);
			path = Settings;
			sourceTree = "<group>";
		};
		D6D5FCC67B88E63CB9D0148A /* Data */ = {
			isa = PBXGroup;
			children = (
				5BA05A577DCF309898CFE3CE /* Models */,
				A8C5ED2AAEA604C657261C3D /* Repositories */,
			);
			path = Data;
			sourceTree = "<group>";
		};
		E5CCA7600A1D32F14293DA23 /* Core */ = {
			isa = PBXGroup;
			children = (
				41050627ABD65AA30F68C264 /* Audio */,
				D6D5FCC67B88E63CB9D0148A /* Data */,
				15BF16316E092A6BE6902239 /* Extensions */,
				5EE579DBDC5CD3DA76EF8533 /* Managers */,
				5960E4195675864232C5ED18 /* Theme */,
			);
			path = Core;
			sourceTree = "<group>";
		};
		F4C8EE94536CD538ED84BC0C /* App */ = {
			isa = PBXGroup;
			children = (
				CDDE6C8127E7B6C4DA6BD350 /* TinnitussaurusApp.swift */,
			);
			path = App;
			sourceTree = "<group>";
		};
		F895AAE29448633D81C3E1B9 /* TinnitussaurusUITests */ = {
			isa = PBXGroup;
			children = (
				BB88AB6C56BB05F9B3EAC20A /* TinnitussaurusUITests.swift */,
			);
			path = TinnitussaurusUITests;
			sourceTree = "<group>";
		};
/* End PBXGroup section */

/* Begin PBXNativeTarget section */
		B04E5D62764C8677A248224F /* TinnitussaurusUITests */ = {
			isa = PBXNativeTarget;
			buildConfigurationList = 63B5458229DEF151B4881CDC /* Build configuration list for PBXNativeTarget "TinnitussaurusUITests" */;
			buildPhases = (
				E11D9C4D18B1E63B439AA6F0 /* Sources */,
			);
			buildRules = (
			);
			dependencies = (
				AC4C3E9E4B7AF2A7B8F6E43E /* PBXTargetDependency */,
			);
			name = TinnitussaurusUITests;
			packageProductDependencies = (
			);
			productName = TinnitussaurusUITests;
			productReference = BA74761A463C380D4F63AA93 /* TinnitussaurusUITests.xctest */;
			productType = "com.apple.product-type.bundle.ui-testing";
		};
		F30C2B291727D2DF2E8AEB9E /* Tinnitussaurus */ = {
			isa = PBXNativeTarget;
			buildConfigurationList = 307A06C7730FB646732916FA /* Build configuration list for PBXNativeTarget "Tinnitussaurus" */;
			buildPhases = (
				FB15AC778FF26846130B9754 /* Sources */,
				E1EAF753176C70C60CCE89B2 /* Resources */,
				63961014E1E732FEB9C7D5FA /* Frameworks */,
			);
			buildRules = (
			);
			dependencies = (
			);
			name = Tinnitussaurus;
			packageProductDependencies = (
				1CE102B0D7AA09ABBDF3A602 /* RevenueCat */,
			);
			productName = Tinnitussaurus;
			productReference = 60C25BE2ED712F3EA5216898 /* Tinnitussaurus.app */;
			productType = "com.apple.product-type.application";
		};
		F88B1B829078F970EAA0F012 /* TinnitussaurusTests */ = {
			isa = PBXNativeTarget;
			buildConfigurationList = FE93C1BF9BE75CFD4FCD52CF /* Build configuration list for PBXNativeTarget "TinnitussaurusTests" */;
			buildPhases = (
				82053F6540E833872A234476 /* Sources */,
			);
			buildRules = (
			);
			dependencies = (
				AAD384DDB2003197EE1F05B5 /* PBXTargetDependency */,
			);
			name = TinnitussaurusTests;
			packageProductDependencies = (
			);
			productName = TinnitussaurusTests;
			productReference = EEF5DCA00D039DF97DA1DF1A /* TinnitussaurusTests.xctest */;
			productType = "com.apple.product-type.bundle.unit-test";
		};
/* End PBXNativeTarget section */

/* Begin PBXProject section */
		A8442FC0529EB968EE864226 /* Project object */ = {
			isa = PBXProject;
			attributes = {
				BuildIndependentTargetsInParallel = YES;
				LastUpgradeCheck = 2620;
				TargetAttributes = {
					B04E5D62764C8677A248224F = {
						TestTargetID = F30C2B291727D2DF2E8AEB9E;
					};
				};
			};
			buildConfigurationList = 37BA5F158C0732BA843F0D42 /* Build configuration list for PBXProject "Tinnitussaurus" */;
			compatibilityVersion = "Xcode 14.0";
			developmentRegion = en;
			hasScannedForEncodings = 0;
			knownRegions = (
				Base,
				en,
			);
			mainGroup = 0E9735A29CDC9BFC74CD5627;
			minimizedProjectReferenceProxies = 1;
			packageReferences = (
				C51C5FF81C283DEBF475CA75 /* XCRemoteSwiftPackageReference "purchases-ios" */,
			);
			preferredProjectObjectVersion = 77;
			projectDirPath = "";
			projectRoot = "";
			targets = (
				F30C2B291727D2DF2E8AEB9E /* Tinnitussaurus */,
				F88B1B829078F970EAA0F012 /* TinnitussaurusTests */,
				B04E5D62764C8677A248224F /* TinnitussaurusUITests */,
			);
		};
/* End PBXProject section */

/* Begin PBXResourcesBuildPhase section */
		E1EAF753176C70C60CCE89B2 /* Resources */ = {
			isa = PBXResourcesBuildPhase;
			buildActionMask = 2147483647;
			files = (
				E0E4B9EFCB09F3A5DD256665 /* Assets.xcassets in Resources */,
				F4549C58997BF1C49D7E14E6 /* Inter-Regular.ttf in Resources */,
				A1378C577EAF7B99B79F50EB /* PrivacyInfo.xcprivacy in Resources */,
				227147BCE784DFE4D7F3B50C /* SpaceGrotesk-Bold.ttf in Resources */,
				0B6C21186DA7A97F3E422175 /* SpaceGrotesk-Medium.ttf in Resources */,
				04EEA859DB4280A612C63920 /* SpaceGrotesk-Regular.ttf in Resources */,
				2E37D6EAB85EA94C78015F98 /* SpaceGrotesk-SemiBold.ttf in Resources */,
			);
			runOnlyForDeploymentPostprocessing = 0;
		};
/* End PBXResourcesBuildPhase section */

/* Begin PBXSourcesBuildPhase section */
		82053F6540E833872A234476 /* Sources */ = {
			isa = PBXSourcesBuildPhase;
			buildActionMask = 2147483647;
			files = (
				CF3BF2334C5D2E4EC5F133E5 /* TinnitussaurusTests.swift in Sources */,
			);
			runOnlyForDeploymentPostprocessing = 0;
		};
		E11D9C4D18B1E63B439AA6F0 /* Sources */ = {
			isa = PBXSourcesBuildPhase;
			buildActionMask = 2147483647;
			files = (
				F0E4AF56F786DF073CAA4DF6 /* TinnitussaurusUITests.swift in Sources */,
			);
			runOnlyForDeploymentPostprocessing = 0;
		};
		FB15AC778FF26846130B9754 /* Sources */ = {
			isa = PBXSourcesBuildPhase;
			buildActionMask = 2147483647;
			files = (
				68536EC94A98D457B472CDBE /* AppSettings.swift in Sources */,
				33110C95F11176E1D2307A65 /* AudioEngineManager.swift in Sources */,
				3D7C9E0C6414AA9C12D051DD /* AudioSessionConfig.swift in Sources */,
				84B65D5FE182E5D5C9C9B284 /* AutoTuningSection.swift in Sources */,
				A85EC9EECABD406C1A4C8074 /* CheckInSheet.swift in Sources */,
				445135FB961A6AA95F6321F1 /* CircularTimerView.swift in Sources */,
				93263DD43352FA19285BA2E7 /* ContentView.swift in Sources */,
				B2EB24D862C5B19ABDDF42FD /* DinoLogo.swift in Sources */,
				CC0DDD95A1793E7A51337C27 /* ExportManager.swift in Sources */,
				90741276C18A80120C1C67D1 /* FrequencyAnalyzer.swift in Sources */,
				33EAD27986AC46DA4093746F /* FrequencyHeroView.swift in Sources */,
				3781AB50593D7E983EA34AA1 /* FrequencyPresetsView.swift in Sources */,
				02171B1CF1B267601CD84F76 /* GettingStartedView.swift in Sources */,
				A72DCFDE56CDB9D8B13FDF19 /* HapticManager.swift in Sources */,
				98BABD458111950EF9E61A90 /* JournalEntry.swift in Sources */,
				820413AEAE907F5FE7A66721 /* JournalEntryRow.swift in Sources */,
				6EBC9507623970788F116ADA /* JournalRepository.swift in Sources */,
				FBCA37B621130D0ADB401C1D /* JournalView.swift in Sources */,
				B3F5CA157A7BDD587186E3BC /* ManualTuningSection.swift in Sources */,
				5283A3CA56EA72819FB0F51B /* MoodLightOverlay.swift in Sources */,
				35E72F701EF0BFE1CFC2DC3F /* NoiseGenerator.swift in Sources */,
				120A7DA65BAD3F02048ADC3F /* NotchFilterBank.swift in Sources */,
				072094EF45FAAB964B92ED96 /* NotchedMusicSection.swift in Sources */,
				A4B368262C839F70F66DF9FA /* NotchedNoiseSection.swift in Sources */,
				B4FDFC9DA5F0991AEBEE51A7 /* NotificationManager.swift in Sources */,
				2A6DFD6B6F3DDA205FFBE2FE /* OnboardingView.swift in Sources */,
				70AB271E219856C62C966D51 /* OscillatorNode.swift in Sources */,
				7CE92B55BCA6B34968968635 /* PaywallView.swift in Sources */,
				45DCD45ACCAC762947F0EBB6 /* Playlist.swift in Sources */,
				C44853A09BF15FB4D9C8FACE /* PlaylistDetailView.swift in Sources */,
				5A078EEC9198EEC3185C97DE /* PlaylistListView.swift in Sources */,
				DFC2AAD0E045B3F312351AB3 /* PlaylistSheetView.swift in Sources */,
				200029503D61159F3A8B3A38 /* PlaylistTrack.swift in Sources */,
				B9429831FCA46F749E588F5B /* PrivacyPolicyView.swift in Sources */,
				DB43C461FCB2BDFC71F53050 /* ProfileRepository.swift in Sources */,
				9D9C464F321BF28137B96675 /* SessionManager.swift in Sources */,
				E4FAA506A1EA77F07015A6C2 /* SessionRepository.swift in Sources */,
				71969184C074F8575802ACAC /* SessionStatsGrid.swift in Sources */,
				1F69C7A356E96D3DDCEF6904 /* SessionView.swift in Sources */,
				FF6243F34939B49924187E18 /* SettingsView.swift in Sources */,
				5FF4AE95AC2196AA4E98922E /* SeverityChartView.swift in Sources */,
				DA21546A9577E27D9863722B /* SpectrumCanvas.swift in Sources */,
				328E18EB2D9D3F05605E83FF /* SubscriptionManager.swift in Sources */,
				3F95B2CB06BEBBE3DAC96B40 /* TermsOfServiceView.swift in Sources */,
				7292FF4D8423545B0AC67CC8 /* Theme.swift in Sources */,
				C4D8563F67880ADD93EE83C5 /* TherapyView.swift in Sources */,
				7DCD4C147F72AD93FA938C89 /* TherapyVisualizationCanvas.swift in Sources */,
				45524753E7855F5A7CC7BE5B /* TinnitusSession.swift in Sources */,
				B5CBB8C72D17C0F1E3DC3F98 /* TinnitussaurusApp.swift in Sources */,
				1E44A97A526F28CFE2697C0F /* TuneView.swift in Sources */,
				23071B86E43664AFD0B0A1B7 /* UserProfile.swift in Sources */,
			);
			runOnlyForDeploymentPostprocessing = 0;
		};
/* End PBXSourcesBuildPhase section */

/* Begin PBXTargetDependency section */
		AAD384DDB2003197EE1F05B5 /* PBXTargetDependency */ = {
			isa = PBXTargetDependency;
			target = F30C2B291727D2DF2E8AEB9E /* Tinnitussaurus */;
			targetProxy = 3FA508D37578A576E1A466A6 /* PBXContainerItemProxy */;
		};
		AC4C3E9E4B7AF2A7B8F6E43E /* PBXTargetDependency */ = {
			isa = PBXTargetDependency;
			target = F30C2B291727D2DF2E8AEB9E /* Tinnitussaurus */;
			targetProxy = FAE8898B28362F6F7DDE7769 /* PBXContainerItemProxy */;
		};
/* End PBXTargetDependency section */

/* Begin XCBuildConfiguration section */
		0139D9405C52189091A1089D /* Release */ = {
			isa = XCBuildConfiguration;
			buildSettings = {
				BUNDLE_LOADER = "$(TEST_HOST)";
				GENERATE_INFOPLIST_FILE = YES;
				LD_RUNPATH_SEARCH_PATHS = (
					"$(inherited)",
					"@executable_path/Frameworks",
					"@loader_path/Frameworks",
				);
				PRODUCT_BUNDLE_IDENTIFIER = com.paulabac.tinnitussaurus.uitests;
				SDKROOT = iphoneos;
				TARGETED_DEVICE_FAMILY = "1,2";
				TEST_TARGET_NAME = Tinnitussaurus;
			};
			name = Release;
		};
		104139909709659171024BEA /* Debug */ = {
			isa = XCBuildConfiguration;
			baseConfigurationReference = 69F4EE0DD09B9E6C9B07608E /* Debug.xcconfig */;
			buildSettings = {
				ALWAYS_SEARCH_USER_PATHS = NO;
				CLANG_ANALYZER_NONNULL = YES;
				CLANG_ANALYZER_NUMBER_OBJECT_CONVERSION = YES_AGGRESSIVE;
				CLANG_CXX_LANGUAGE_STANDARD = "gnu++14";
				CLANG_CXX_LIBRARY = "libc++";
				CLANG_ENABLE_MODULES = YES;
				CLANG_ENABLE_OBJC_ARC = YES;
				CLANG_ENABLE_OBJC_WEAK = YES;
				CLANG_WARN_BLOCK_CAPTURE_AUTORELEASING = YES;
				CLANG_WARN_BOOL_CONVERSION = YES;
				CLANG_WARN_COMMA = YES;
				CLANG_WARN_CONSTANT_CONVERSION = YES;
				CLANG_WARN_DEPRECATED_OBJC_IMPLEMENTATIONS = YES;
				CLANG_WARN_DIRECT_OBJC_ISA_USAGE = YES_ERROR;
				CLANG_WARN_DOCUMENTATION_COMMENTS = YES;
				CLANG_WARN_EMPTY_BODY = YES;
				CLANG_WARN_ENUM_CONVERSION = YES;
				CLANG_WARN_INFINITE_RECURSION = YES;
				CLANG_WARN_INT_CONVERSION = YES;
				CLANG_WARN_NON_LITERAL_NULL_CONVERSION = YES;
				CLANG_WARN_OBJC_IMPLICIT_RETAIN_SELF = YES;
				CLANG_WARN_OBJC_LITERAL_CONVERSION = YES;
				CLANG_WARN_OBJC_ROOT_CLASS = YES_ERROR;
				CLANG_WARN_QUOTED_INCLUDE_IN_FRAMEWORK_HEADER = YES;
				CLANG_WARN_RANGE_LOOP_ANALYSIS = YES;
				CLANG_WARN_STRICT_PROTOTYPES = YES;
				CLANG_WARN_SUSPICIOUS_MOVE = YES;
				CLANG_WARN_UNGUARDED_AVAILABILITY = YES_AGGRESSIVE;
				CLANG_WARN_UNREACHABLE_CODE = YES;
				CLANG_WARN__DUPLICATE_METHOD_MATCH = YES;
				COPY_PHASE_STRIP = NO;
				CURRENT_PROJECT_VERSION = 1;
				DEBUG_INFORMATION_FORMAT = dwarf;
				ENABLE_STRICT_OBJC_MSGSEND = YES;
				ENABLE_TESTABILITY = YES;
				GCC_C_LANGUAGE_STANDARD = gnu11;
				GCC_DYNAMIC_NO_PIC = NO;
				GCC_NO_COMMON_BLOCKS = YES;
				GCC_OPTIMIZATION_LEVEL = 0;
				GCC_PREPROCESSOR_DEFINITIONS = (
					"$(inherited)",
					"DEBUG=1",
				);
				GCC_WARN_64_TO_32_BIT_CONVERSION = YES;
				GCC_WARN_ABOUT_RETURN_TYPE = YES_ERROR;
				GCC_WARN_UNDECLARED_SELECTOR = YES;
				GCC_WARN_UNINITIALIZED_AUTOS = YES_AGGRESSIVE;
				GCC_WARN_UNUSED_FUNCTION = YES;
				GCC_WARN_UNUSED_VARIABLE = YES;
				IPHONEOS_DEPLOYMENT_TARGET = 17.0;
				MARKETING_VERSION = 1.0.0;
				MTL_ENABLE_DEBUG_INFO = INCLUDE_SOURCE;
				MTL_FAST_MATH = YES;
				ONLY_ACTIVE_ARCH = YES;
				PRODUCT_NAME = "$(TARGET_NAME)";
				SDKROOT = iphoneos;
				SWIFT_ACTIVE_COMPILATION_CONDITIONS = DEBUG;
				SWIFT_OPTIMIZATION_LEVEL = "-Onone";
				SWIFT_VERSION = 6.0;
			};
			name = Debug;
		};
		19D4CD934083FBC4AE6EF56B /* Debug */ = {
			isa = XCBuildConfiguration;
			buildSettings = {
				BUNDLE_LOADER = "$(TEST_HOST)";
				GENERATE_INFOPLIST_FILE = YES;
				LD_RUNPATH_SEARCH_PATHS = (
					"$(inherited)",
					"@executable_path/Frameworks",
					"@loader_path/Frameworks",
				);
				PRODUCT_BUNDLE_IDENTIFIER = com.paulabac.tinnitussaurus.tests;
				SDKROOT = iphoneos;
				TARGETED_DEVICE_FAMILY = "1,2";
				TEST_HOST = "$(BUILT_PRODUCTS_DIR)/Tinnitussaurus.app/Tinnitussaurus";
			};
			name = Debug;
		};
		30DECDA5D71EE22165DB9B2B /* Debug */ = {
			isa = XCBuildConfiguration;
			buildSettings = {
				ASSETCATALOG_COMPILER_APPICON_NAME = AppIcon;
				CODE_SIGNING_REQUIRED = NO;
				CODE_SIGN_ENTITLEMENTS = Tinnitussaurus/Tinnitussaurus.entitlements;
				CODE_SIGN_IDENTITY = "-";
				INFOPLIST_FILE = Tinnitussaurus/Info.plist;
				IPHONEOS_DEPLOYMENT_TARGET = 17.0;
				LD_RUNPATH_SEARCH_PATHS = (
					"$(inherited)",
					"@executable_path/Frameworks",
				);
				PRODUCT_BUNDLE_IDENTIFIER = com.paulabac.tinnitussaurus;
				SDKROOT = iphoneos;
				SWIFT_STRICT_CONCURRENCY = complete;
				TARGETED_DEVICE_FAMILY = "1,2";
			};
			name = Debug;
		};
		614C1DCDB50AF56E197807B1 /* Debug */ = {
			isa = XCBuildConfiguration;
			buildSettings = {
				BUNDLE_LOADER = "$(TEST_HOST)";
				GENERATE_INFOPLIST_FILE = YES;
				LD_RUNPATH_SEARCH_PATHS = (
					"$(inherited)",
					"@executable_path/Frameworks",
					"@loader_path/Frameworks",
				);
				PRODUCT_BUNDLE_IDENTIFIER = com.paulabac.tinnitussaurus.uitests;
				SDKROOT = iphoneos;
				TARGETED_DEVICE_FAMILY = "1,2";
				TEST_TARGET_NAME = Tinnitussaurus;
			};
			name = Debug;
		};
		BCD81616D8C613F19337C729 /* Release */ = {
			isa = XCBuildConfiguration;
			buildSettings = {
				ASSETCATALOG_COMPILER_APPICON_NAME = AppIcon;
				CODE_SIGNING_REQUIRED = NO;
				CODE_SIGN_ENTITLEMENTS = Tinnitussaurus/Tinnitussaurus.entitlements;
				CODE_SIGN_IDENTITY = "-";
				INFOPLIST_FILE = Tinnitussaurus/Info.plist;
				IPHONEOS_DEPLOYMENT_TARGET = 17.0;
				LD_RUNPATH_SEARCH_PATHS = (
					"$(inherited)",
					"@executable_path/Frameworks",
				);
				PRODUCT_BUNDLE_IDENTIFIER = com.paulabac.tinnitussaurus;
				SDKROOT = iphoneos;
				SWIFT_STRICT_CONCURRENCY = complete;
				TARGETED_DEVICE_FAMILY = "1,2";
			};
			name = Release;
		};
		C696048B920D605BAB6D1ED3 /* Release */ = {
			isa = XCBuildConfiguration;
			buildSettings = {
				BUNDLE_LOADER = "$(TEST_HOST)";
				GENERATE_INFOPLIST_FILE = YES;
				LD_RUNPATH_SEARCH_PATHS = (
					"$(inherited)",
					"@executable_path/Frameworks",
					"@loader_path/Frameworks",
				);
				PRODUCT_BUNDLE_IDENTIFIER = com.paulabac.tinnitussaurus.tests;
				SDKROOT = iphoneos;
				TARGETED_DEVICE_FAMILY = "1,2";
				TEST_HOST = "$(BUILT_PRODUCTS_DIR)/Tinnitussaurus.app/Tinnitussaurus";
			};
			name = Release;
		};
		EFCC4109F81B45D4AE13531A /* Release */ = {
			isa = XCBuildConfiguration;
			baseConfigurationReference = 5B7DFBEAB84F805039939247 /* Release.xcconfig */;
			buildSettings = {
				ALWAYS_SEARCH_USER_PATHS = NO;
				CLANG_ANALYZER_NONNULL = YES;
				CLANG_ANALYZER_NUMBER_OBJECT_CONVERSION = YES_AGGRESSIVE;
				CLANG_CXX_LANGUAGE_STANDARD = "gnu++14";
				CLANG_CXX_LIBRARY = "libc++";
				CLANG_ENABLE_MODULES = YES;
				CLANG_ENABLE_OBJC_ARC = YES;
				CLANG_ENABLE_OBJC_WEAK = YES;
				CLANG_WARN_BLOCK_CAPTURE_AUTORELEASING = YES;
				CLANG_WARN_BOOL_CONVERSION = YES;
				CLANG_WARN_COMMA = YES;
				CLANG_WARN_CONSTANT_CONVERSION = YES;
				CLANG_WARN_DEPRECATED_OBJC_IMPLEMENTATIONS = YES;
				CLANG_WARN_DIRECT_OBJC_ISA_USAGE = YES_ERROR;
				CLANG_WARN_DOCUMENTATION_COMMENTS = YES;
				CLANG_WARN_EMPTY_BODY = YES;
				CLANG_WARN_ENUM_CONVERSION = YES;
				CLANG_WARN_INFINITE_RECURSION = YES;
				CLANG_WARN_INT_CONVERSION = YES;
				CLANG_WARN_NON_LITERAL_NULL_CONVERSION = YES;
				CLANG_WARN_OBJC_IMPLICIT_RETAIN_SELF = YES;
				CLANG_WARN_OBJC_LITERAL_CONVERSION = YES;
				CLANG_WARN_OBJC_ROOT_CLASS = YES_ERROR;
				CLANG_WARN_QUOTED_INCLUDE_IN_FRAMEWORK_HEADER = YES;
				CLANG_WARN_RANGE_LOOP_ANALYSIS = YES;
				CLANG_WARN_STRICT_PROTOTYPES = YES;
				CLANG_WARN_SUSPICIOUS_MOVE = YES;
				CLANG_WARN_UNGUARDED_AVAILABILITY = YES_AGGRESSIVE;
				CLANG_WARN_UNREACHABLE_CODE = YES;
				CLANG_WARN__DUPLICATE_METHOD_MATCH = YES;
				COPY_PHASE_STRIP = NO;
				CURRENT_PROJECT_VERSION = 1;
				DEBUG_INFORMATION_FORMAT = "dwarf-with-dsym";
				ENABLE_NS_ASSERTIONS = NO;
				ENABLE_STRICT_OBJC_MSGSEND = YES;
				GCC_C_LANGUAGE_STANDARD = gnu11;
				GCC_NO_COMMON_BLOCKS = YES;
				GCC_WARN_64_TO_32_BIT_CONVERSION = YES;
				GCC_WARN_ABOUT_RETURN_TYPE = YES_ERROR;
				GCC_WARN_UNDECLARED_SELECTOR = YES;
				GCC_WARN_UNINITIALIZED_AUTOS = YES_AGGRESSIVE;
				GCC_WARN_UNUSED_FUNCTION = YES;
				GCC_WARN_UNUSED_VARIABLE = YES;
				IPHONEOS_DEPLOYMENT_TARGET = 17.0;
				MARKETING_VERSION = 1.0.0;
				MTL_ENABLE_DEBUG_INFO = NO;
				MTL_FAST_MATH = YES;
				PRODUCT_NAME = "$(TARGET_NAME)";
				SDKROOT = iphoneos;
				SWIFT_COMPILATION_MODE = wholemodule;
				SWIFT_OPTIMIZATION_LEVEL = "-O";
				SWIFT_VERSION = 6.0;
			};
			name = Release;
		};
/* End XCBuildConfiguration section */

/* Begin XCConfigurationList section */
		307A06C7730FB646732916FA /* Build configuration list for PBXNativeTarget "Tinnitussaurus" */ = {
			isa = XCConfigurationList;
			buildConfigurations = (
				30DECDA5D71EE22165DB9B2B /* Debug */,
				BCD81616D8C613F19337C729 /* Release */,
			);
			defaultConfigurationIsVisible = 0;
			defaultConfigurationName = Debug;
		};
		37BA5F158C0732BA843F0D42 /* Build configuration list for PBXProject "Tinnitussaurus" */ = {
			isa = XCConfigurationList;
			buildConfigurations = (
				104139909709659171024BEA /* Debug */,
				EFCC4109F81B45D4AE13531A /* Release */,
			);
			defaultConfigurationIsVisible = 0;
			defaultConfigurationName = Debug;
		};
		63B5458229DEF151B4881CDC /* Build configuration list for PBXNativeTarget "TinnitussaurusUITests" */ = {
			isa = XCConfigurationList;
			buildConfigurations = (
				614C1DCDB50AF56E197807B1 /* Debug */,
				0139D9405C52189091A1089D /* Release */,
			);
			defaultConfigurationIsVisible = 0;
			defaultConfigurationName = Debug;
		};
		FE93C1BF9BE75CFD4FCD52CF /* Build configuration list for PBXNativeTarget "TinnitussaurusTests" */ = {
			isa = XCConfigurationList;
			buildConfigurations = (
				19D4CD934083FBC4AE6EF56B /* Debug */,
				C696048B920D605BAB6D1ED3 /* Release */,
			);
			defaultConfigurationIsVisible = 0;
			defaultConfigurationName = Debug;
		};
/* End XCConfigurationList section */

/* Begin XCRemoteSwiftPackageReference section */
		C51C5FF81C283DEBF475CA75 /* XCRemoteSwiftPackageReference "purchases-ios" */ = {
			isa = XCRemoteSwiftPackageReference;
			repositoryURL = "https://github.com/RevenueCat/purchases-ios";
			requirement = {
				kind = upToNextMajorVersion;
				minimumVersion = 5.0.0;
			};
		};
/* End XCRemoteSwiftPackageReference section */

/* Begin XCSwiftPackageProductDependency section */
		1CE102B0D7AA09ABBDF3A602 /* RevenueCat */ = {
			isa = XCSwiftPackageProductDependency;
			package = C51C5FF81C283DEBF475CA75 /* XCRemoteSwiftPackageReference "purchases-ios" */;
			productName = RevenueCat;
		};
/* End XCSwiftPackageProductDependency section */
	};
	rootObject = A8442FC0529EB968EE864226 /* Project object */;
}
