// !$*UTF8*$!
{
	archiveVersion = 1;
	classes = {
	};
	objectVersion = 77;
	objects = {

/* Begin PBXBuildFile section */
		06550058FEBEDE29262269C1 /* TinnitusReliefProApp.swift in Sources */ = {isa = PBXBuildFile; fileRef = 8C5D3EBC67C11A6BFD33053C /* TinnitusReliefProApp.swift */; };
		10080717CED382C6B0954523 /* FrequencyHeroView.swift in Sources */ = {isa = PBXBuildFile; fileRef = 5636B1332A90F6F7DE8E48A1 /* FrequencyHeroView.swift */; };
		18D444FA6D526EACDEE126C2 /* Theme.swift in Sources */ = {isa = PBXBuildFile; fileRef = DC084E1E20F656E25C9A56DF /* Theme.swift */; };
		1BFD7DFCAAD59B1608B55949 /* AudioSessionConfig.swift in Sources */ = {isa = PBXBuildFile; fileRef = 8945E351D8FE93F15CAA57F6 /* AudioSessionConfig.swift */; };
		1DBFAD72E113D2DE549294E1 /* ManualTuningSection.swift in Sources */ = {isa = PBXBuildFile; fileRef = 8E8F30A658BB973530D86E8C /* ManualTuningSection.swift */; };
		208E66FD847817B347717D1A /* JournalEntryRow.swift in Sources */ = {isa = PBXBuildFile; fileRef = 46B80C2B09AFA7FEA719A30D /* JournalEntryRow.swift */; };
		2932CA4C171029F8740AF064 /* FrequencyAnalyzer.swift in Sources */ = {isa = PBXBuildFile; fileRef = 76EC21C5509699880E7028EB /* FrequencyAnalyzer.swift */; };
		2E62F88D2D85016A6FC65F4A /* RevenueCat in Frameworks */ = {isa = PBXBuildFile; productRef = E37ACB95E3AA58A2A9B03647 /* RevenueCat */; };
		3364B8D5C6986E4DBF9A442B /* JournalRepository.swift in Sources */ = {isa = PBXBuildFile; fileRef = 339CD0360797DAE4F8B48BFF /* JournalRepository.swift */; };
		3701E049579877B96C480638 /* NotificationManager.swift in Sources */ = {isa = PBXBuildFile; fileRef = F8D6F620A113A10A0FB13C74 /* NotificationManager.swift */; };
		39E49143113AFDAA5846FA96 /* SettingsView.swift in Sources */ = {isa = PBXBuildFile; fileRef = EC647190E3A7548BE15C53F8 /* SettingsView.swift */; };
		3B33F3F5F82B4BA246E0028F /* JournalEntry.swift in Sources */ = {isa = PBXBuildFile; fileRef = 201F9354399A9AD22E691C21 /* JournalEntry.swift */; };
		3B8417142D65966F5E70200B /* CheckInSheet.swift in Sources */ = {isa = PBXBuildFile; fileRef = 01B6A213B983042B05B7A72F /* CheckInSheet.swift */; };
		3E5610361AD6B715F6639803 /* NotchedMusicSection.swift in Sources */ = {isa = PBXBuildFile; fileRef = 9C26D50BAA00BF019D49F3D8 /* NotchedMusicSection.swift */; };
		3F88E30D19F273910E900097 /* TinnitusSession.swift in Sources */ = {isa = PBXBuildFile; fileRef = 9C5C942834CC4EC7EFA55732 /* TinnitusSession.swift */; };
		407D6D4D1E131DCF3A227945 /* NotchedNoiseSection.swift in Sources */ = {isa = PBXBuildFile; fileRef = FE51C6B7329EC2C9D460605D /* NotchedNoiseSection.swift */; };
		44760CEBA20D792C80D3DFD4 /* TherapyView.swift in Sources */ = {isa = PBXBuildFile; fileRef = 8BC2CF9CF0AD3DE749AAC473 /* TherapyView.swift */; };
		4640C64676AEBE6F74E13C43 /* AutoTuningSection.swift in Sources */ = {isa = PBXBuildFile; fileRef = 36407DC2DBC17849EA5A53F9 /* AutoTuningSection.swift */; };
		4911FEBC54F53955B8E30D50 /* OnboardingView.swift in Sources */ = {isa = PBXBuildFile; fileRef = 368A729D297BB1B17515C05E /* OnboardingView.swift */; };
		4B810927C5F5E6F7FE05D1AF /* CircularTimerView.swift in Sources */ = {isa = PBXBuildFile; fileRef = 12410F306FCD0329A5379895 /* CircularTimerView.swift */; };
		4EDE5FAF5CF611F6B5756167 /* NoiseGenerator.swift in Sources */ = {isa = PBXBuildFile; fileRef = D62022ECD2A40533A8C03101 /* NoiseGenerator.swift */; };
		4EFD33D1F456C0C7D0D06EB3 /* TinnitusReliefProUITests.swift in Sources */ = {isa = PBXBuildFile; fileRef = 0496ECEE1971B827A089999C /* TinnitusReliefProUITests.swift */; };
		50CAEDE3D04682E4E1C08A25 /* WaveformCanvas.swift in Sources */ = {isa = PBXBuildFile; fileRef = E35FC545B7F8212EB1D2D63A /* WaveformCanvas.swift */; };
		5CCA868A167CDB3831A56320 /* SubscriptionManager.swift in Sources */ = {isa = PBXBuildFile; fileRef = DBD3BDA3FED6493540B4160D /* SubscriptionManager.swift */; };
		5DF6E3F2924E79E8B5945844 /* SessionView.swift in Sources */ = {isa = PBXBuildFile; fileRef = 432CFFBF2C88EA2DDAEC3E35 /* SessionView.swift */; };
		703EC51E8990A1DB982A885D /* TinnitusReliefProTests.swift in Sources */ = {isa = PBXBuildFile; fileRef = 40508E704F54303272E8F4D5 /* TinnitusReliefProTests.swift */; };
		74F1D856D3F50E792A6B5455 /* SpectrumCanvas.swift in Sources */ = {isa = PBXBuildFile; fileRef = B62D523BEC750E31D10571AF /* SpectrumCanvas.swift */; };
		75C142088FEB4A5DC9ECBEC6 /* PrivacyPolicyView.swift in Sources */ = {isa = PBXBuildFile; fileRef = F3A7DC77601AE0861F181026 /* PrivacyPolicyView.swift */; };
		77463E6288AFE585D2DB462C /* SessionManager.swift in Sources */ = {isa = PBXBuildFile; fileRef = 5259E557AB8585F67C6A89B4 /* SessionManager.swift */; };
		7C058D0633D3A85082CD9A16 /* NotchFilterBank.swift in Sources */ = {isa = PBXBuildFile; fileRef = C4DA632196E3DB4794A42470 /* NotchFilterBank.swift */; };
		875287F34829FC41D7D39CF8 /* AudioEngineManager.swift in Sources */ = {isa = PBXBuildFile; fileRef = B8A77EC23E16EB030DD814AF /* AudioEngineManager.swift */; };
		8B38EBF4B20E28E1AABBFC44 /* SessionRepository.swift in Sources */ = {isa = PBXBuildFile; fileRef = 5325DFB6E9AAC72F132CB12E /* SessionRepository.swift */; };
		9754A80CA6589314FCFB81D5 /* SessionStatsGrid.swift in Sources */ = {isa = PBXBuildFile; fileRef = 283D9241B9CD6B966FB59FE7 /* SessionStatsGrid.swift */; };
		98D595AEC48AB6827A697715 /* OscillatorNode.swift in Sources */ = {isa = PBXBuildFile; fileRef = 956EC27821790BA06F15470A /* OscillatorNode.swift */; };
		9E5969859B338BAEAB46FBA0 /* PrivacyInfo.xcprivacy in Resources */ = {isa = PBXBuildFile; fileRef = 3897C94F2336F638083C1C61 /* PrivacyInfo.xcprivacy */; };
		A3E40006DCDE2EE0B069915E /* JournalView.swift in Sources */ = {isa = PBXBuildFile; fileRef = 7A5CCA08F2DA6F0239291221 /* JournalView.swift */; };
		A5703361A3E84B818FFB371E /* ProfileRepository.swift in Sources */ = {isa = PBXBuildFile; fileRef = 27CE174B21369EC8320D97DC /* ProfileRepository.swift */; };
		B35CFE30081D507C697FF425 /* SeverityChartView.swift in Sources */ = {isa = PBXBuildFile; fileRef = 413775B2D6B0A67AFA985D8A /* SeverityChartView.swift */; };
		C1E9B2CCA4D5B2F3CBDAA267 /* NotchShapeCanvas.swift in Sources */ = {isa = PBXBuildFile; fileRef = 3ABED36416380E23346D8F68 /* NotchShapeCanvas.swift */; };
		C259163250F2D483026AF650 /* MoodLightOverlay.swift in Sources */ = {isa = PBXBuildFile; fileRef = 802363B2699CFE2665A87AF4 /* MoodLightOverlay.swift */; };
		C5881032DB9F982A149ECC20 /* TuneView.swift in Sources */ = {isa = PBXBuildFile; fileRef = DEFF239E886EF3A0B272BCC6 /* TuneView.swift */; };
		C6E89C45FB599ED4B7AD6C47 /* ExportManager.swift in Sources */ = {isa = PBXBuildFile; fileRef = 495EDA27A1AEF13F806FE206 /* ExportManager.swift */; };
		C872DB3098F11C4B999739CB /* UserProfile.swift in Sources */ = {isa = PBXBuildFile; fileRef = AE8898291ADD27437E840B78 /* UserProfile.swift */; };
		CD9907BD4DEE10CF4C27882B /* FrequencyPresetsView.swift in Sources */ = {isa = PBXBuildFile; fileRef = FC96F0F9361D0F9757E9FC89 /* FrequencyPresetsView.swift */; };
		DB79699750CFDB3D23A8B6FE /* ContentView.swift in Sources */ = {isa = PBXBuildFile; fileRef = C061E47298D2ECEBF2A94D3C /* ContentView.swift */; };
		DD75155C913BE8CE81CD4366 /* PaywallView.swift in Sources */ = {isa = PBXBuildFile; fileRef = 4CB418C7548423868CEA8B67 /* PaywallView.swift */; };
		E3E9569DF2C23B02DF521DC4 /* Assets.xcassets in Resources */ = {isa = PBXBuildFile; fileRef = 10CDB0187627521347C54583 /* Assets.xcassets */; };
		F2FF02347BCCA3FF5EBDB958 /* TermsOfServiceView.swift in Sources */ = {isa = PBXBuildFile; fileRef = DBE2697D65429813E75E4941 /* TermsOfServiceView.swift */; };
		F4E3CB66AC8CBB5ABC2210A9 /* GettingStartedView.swift in Sources */ = {isa = PBXBuildFile; fileRef = 0A92DEC24DCDA06B9A11B100 /* GettingStartedView.swift */; };
		FC6E22379C856E08621CA05B /* AppSettings.swift in Sources */ = {isa = PBXBuildFile; fileRef = 226FBA3079E60F0C9B3C89C6 /* AppSettings.swift */; };
		FF8FD8F2728A118907B5BC05 /* HapticManager.swift in Sources */ = {isa = PBXBuildFile; fileRef = D7325F1A8BCD7BF74DEF77ED /* HapticManager.swift */; };
/* End PBXBuildFile section */

/* Begin PBXContainerItemProxy section */
		3F45AF1433BD4FD609A9926B /* PBXContainerItemProxy */ = {
			isa = PBXContainerItemProxy;
			containerPortal = 626182405EEF0554542C89CA /* Project object */;
			proxyType = 1;
			remoteGlobalIDString = B9CB06AEF3CAA7E170FD9A83;
			remoteInfo = TinnitusReliefPro;
		};
		7F5ECC2C127D0CCE8E06D9D4 /* PBXContainerItemProxy */ = {
			isa = PBXContainerItemProxy;
			containerPortal = 626182405EEF0554542C89CA /* Project object */;
			proxyType = 1;
			remoteGlobalIDString = B9CB06AEF3CAA7E170FD9A83;
			remoteInfo = TinnitusReliefPro;
		};
/* End PBXContainerItemProxy section */

/* Begin PBXFileReference section */
		01B6A213B983042B05B7A72F /* CheckInSheet.swift */ = {isa = PBXFileReference; lastKnownFileType = sourcecode.swift; path = CheckInSheet.swift; sourceTree = "<group>"; };
		02495E8C31E09EF254C0F863 /* TinnitusReliefProUITests.xctest */ = {isa = PBXFileReference; includeInIndex = 0; lastKnownFileType = wrapper.cfbundle; path = TinnitusReliefProUITests.xctest; sourceTree = BUILT_PRODUCTS_DIR; };
		0496ECEE1971B827A089999C /* TinnitusReliefProUITests.swift */ = {isa = PBXFileReference; lastKnownFileType = sourcecode.swift; path = TinnitusReliefProUITests.swift; sourceTree = "<group>"; };
		08FE0AFAF5AE1D698CAA1504 /* TinnitusReliefProTests.xctest */ = {isa = PBXFileReference; includeInIndex = 0; lastKnownFileType = wrapper.cfbundle; path = TinnitusReliefProTests.xctest; sourceTree = BUILT_PRODUCTS_DIR; };
		09158F86A2688615235A08F1 /* TinnitusReliefPro.entitlements */ = {isa = PBXFileReference; lastKnownFileType = text.plist.entitlements; path = TinnitusReliefPro.entitlements; sourceTree = "<group>"; };
		0A92DEC24DCDA06B9A11B100 /* GettingStartedView.swift */ = {isa = PBXFileReference; lastKnownFileType = sourcecode.swift; path = GettingStartedView.swift; sourceTree = "<group>"; };
		10CDB0187627521347C54583 /* Assets.xcassets */ = {isa = PBXFileReference; lastKnownFileType = folder.assetcatalog; path = Assets.xcassets; sourceTree = "<group>"; };
		12410F306FCD0329A5379895 /* CircularTimerView.swift */ = {isa = PBXFileReference; lastKnownFileType = sourcecode.swift; path = CircularTimerView.swift; sourceTree = "<group>"; };
		201F9354399A9AD22E691C21 /* JournalEntry.swift */ = {isa = PBXFileReference; lastKnownFileType = sourcecode.swift; path = JournalEntry.swift; sourceTree = "<group>"; };
		226FBA3079E60F0C9B3C89C6 /* AppSettings.swift */ = {isa = PBXFileReference; lastKnownFileType = sourcecode.swift; path = AppSettings.swift; sourceTree = "<group>"; };
		27CE174B21369EC8320D97DC /* ProfileRepository.swift */ = {isa = PBXFileReference; lastKnownFileType = sourcecode.swift; path = ProfileRepository.swift; sourceTree = "<group>"; };
		283D9241B9CD6B966FB59FE7 /* SessionStatsGrid.swift */ = {isa = PBXFileReference; lastKnownFileType = sourcecode.swift; path = SessionStatsGrid.swift; sourceTree = "<group>"; };
		339CD0360797DAE4F8B48BFF /* JournalRepository.swift */ = {isa = PBXFileReference; lastKnownFileType = sourcecode.swift; path = JournalRepository.swift; sourceTree = "<group>"; };
		36407DC2DBC17849EA5A53F9 /* AutoTuningSection.swift */ = {isa = PBXFileReference; lastKnownFileType = sourcecode.swift; path = AutoTuningSection.swift; sourceTree = "<group>"; };
		368A729D297BB1B17515C05E /* OnboardingView.swift */ = {isa = PBXFileReference; lastKnownFileType = sourcecode.swift; path = OnboardingView.swift; sourceTree = "<group>"; };
		3897C94F2336F638083C1C61 /* PrivacyInfo.xcprivacy */ = {isa = PBXFileReference; path = PrivacyInfo.xcprivacy; sourceTree = "<group>"; };
		3ABED36416380E23346D8F68 /* NotchShapeCanvas.swift */ = {isa = PBXFileReference; lastKnownFileType = sourcecode.swift; path = NotchShapeCanvas.swift; sourceTree = "<group>"; };
		40508E704F54303272E8F4D5 /* TinnitusReliefProTests.swift */ = {isa = PBXFileReference; lastKnownFileType = sourcecode.swift; path = TinnitusReliefProTests.swift; sourceTree = "<group>"; };
		413775B2D6B0A67AFA985D8A /* SeverityChartView.swift */ = {isa = PBXFileReference; lastKnownFileType = sourcecode.swift; path = SeverityChartView.swift; sourceTree = "<group>"; };
		432CFFBF2C88EA2DDAEC3E35 /* SessionView.swift */ = {isa = PBXFileReference; lastKnownFileType = sourcecode.swift; path = SessionView.swift; sourceTree = "<group>"; };
		46B80C2B09AFA7FEA719A30D /* JournalEntryRow.swift */ = {isa = PBXFileReference; lastKnownFileType = sourcecode.swift; path = JournalEntryRow.swift; sourceTree = "<group>"; };
		495EDA27A1AEF13F806FE206 /* ExportManager.swift */ = {isa = PBXFileReference; lastKnownFileType = sourcecode.swift; path = ExportManager.swift; sourceTree = "<group>"; };
		4CB418C7548423868CEA8B67 /* PaywallView.swift */ = {isa = PBXFileReference; lastKnownFileType = sourcecode.swift; path = PaywallView.swift; sourceTree = "<group>"; };
		5259E557AB8585F67C6A89B4 /* SessionManager.swift */ = {isa = PBXFileReference; lastKnownFileType = sourcecode.swift; path = SessionManager.swift; sourceTree = "<group>"; };
		5325DFB6E9AAC72F132CB12E /* SessionRepository.swift */ = {isa = PBXFileReference; lastKnownFileType = sourcecode.swift; path = SessionRepository.swift; sourceTree = "<group>"; };
		5636B1332A90F6F7DE8E48A1 /* FrequencyHeroView.swift */ = {isa = PBXFileReference; lastKnownFileType = sourcecode.swift; path = FrequencyHeroView.swift; sourceTree = "<group>"; };
		6CE9A87099623FE52B7DDAD1 /* TinnitusReliefPro.app */ = {isa = PBXFileReference; includeInIndex = 0; lastKnownFileType = wrapper.application; path = TinnitusReliefPro.app; sourceTree = BUILT_PRODUCTS_DIR; };
		70DAADF56A1F00674CF8F41C /* Release.xcconfig */ = {isa = PBXFileReference; lastKnownFileType = text.xcconfig; path = Release.xcconfig; sourceTree = "<group>"; };
		76EC21C5509699880E7028EB /* FrequencyAnalyzer.swift */ = {isa = PBXFileReference; lastKnownFileType = sourcecode.swift; path = FrequencyAnalyzer.swift; sourceTree = "<group>"; };
		7A5CCA08F2DA6F0239291221 /* JournalView.swift */ = {isa = PBXFileReference; lastKnownFileType = sourcecode.swift; path = JournalView.swift; sourceTree = "<group>"; };
		802363B2699CFE2665A87AF4 /* MoodLightOverlay.swift */ = {isa = PBXFileReference; lastKnownFileType = sourcecode.swift; path = MoodLightOverlay.swift; sourceTree = "<group>"; };
		8945E351D8FE93F15CAA57F6 /* AudioSessionConfig.swift */ = {isa = PBXFileReference; lastKnownFileType = sourcecode.swift; path = AudioSessionConfig.swift; sourceTree = "<group>"; };
		8BC2CF9CF0AD3DE749AAC473 /* TherapyView.swift */ = {isa = PBXFileReference; lastKnownFileType = sourcecode.swift; path = TherapyView.swift; sourceTree = "<group>"; };
		8C5D3EBC67C11A6BFD33053C /* TinnitusReliefProApp.swift */ = {isa = PBXFileReference; lastKnownFileType = sourcecode.swift; path = TinnitusReliefProApp.swift; sourceTree = "<group>"; };
		8E8F30A658BB973530D86E8C /* ManualTuningSection.swift */ = {isa = PBXFileReference; lastKnownFileType = sourcecode.swift; path = ManualTuningSection.swift; sourceTree = "<group>"; };
		9489F9E8E3B577B320620C48 /* Debug.xcconfig */ = {isa = PBXFileReference; lastKnownFileType = text.xcconfig; path = Debug.xcconfig; sourceTree = "<group>"; };
		956EC27821790BA06F15470A /* OscillatorNode.swift */ = {isa = PBXFileReference; lastKnownFileType = sourcecode.swift; path = OscillatorNode.swift; sourceTree = "<group>"; };
		9C26D50BAA00BF019D49F3D8 /* NotchedMusicSection.swift */ = {isa = PBXFileReference; lastKnownFileType = sourcecode.swift; path = NotchedMusicSection.swift; sourceTree = "<group>"; };
		9C5C942834CC4EC7EFA55732 /* TinnitusSession.swift */ = {isa = PBXFileReference; lastKnownFileType = sourcecode.swift; path = TinnitusSession.swift; sourceTree = "<group>"; };
		AE8898291ADD27437E840B78 /* UserProfile.swift */ = {isa = PBXFileReference; lastKnownFileType = sourcecode.swift; path = UserProfile.swift; sourceTree = "<group>"; };
		B62D523BEC750E31D10571AF /* SpectrumCanvas.swift */ = {isa = PBXFileReference; lastKnownFileType = sourcecode.swift; path = SpectrumCanvas.swift; sourceTree = "<group>"; };
		B8A77EC23E16EB030DD814AF /* AudioEngineManager.swift */ = {isa = PBXFileReference; lastKnownFileType = sourcecode.swift; path = AudioEngineManager.swift; sourceTree = "<group>"; };
		C061E47298D2ECEBF2A94D3C /* ContentView.swift */ = {isa = PBXFileReference; lastKnownFileType = sourcecode.swift; path = ContentView.swift; sourceTree = "<group>"; };
		C4DA632196E3DB4794A42470 /* NotchFilterBank.swift */ = {isa = PBXFileReference; lastKnownFileType = sourcecode.swift; path = NotchFilterBank.swift; sourceTree = "<group>"; };
		D62022ECD2A40533A8C03101 /* NoiseGenerator.swift */ = {isa = PBXFileReference; lastKnownFileType = sourcecode.swift; path = NoiseGenerator.swift; sourceTree = "<group>"; };
		D7325F1A8BCD7BF74DEF77ED /* HapticManager.swift */ = {isa = PBXFileReference; lastKnownFileType = sourcecode.swift; path = HapticManager.swift; sourceTree = "<group>"; };
		DBD3BDA3FED6493540B4160D /* SubscriptionManager.swift */ = {isa = PBXFileReference; lastKnownFileType = sourcecode.swift; path = SubscriptionManager.swift; sourceTree = "<group>"; };
		DBE2697D65429813E75E4941 /* TermsOfServiceView.swift */ = {isa = PBXFileReference; lastKnownFileType = sourcecode.swift; path = TermsOfServiceView.swift; sourceTree = "<group>"; };
		DC084E1E20F656E25C9A56DF /* Theme.swift */ = {isa = PBXFileReference; lastKnownFileType = sourcecode.swift; path = Theme.swift; sourceTree = "<group>"; };
		DEFF239E886EF3A0B272BCC6 /* TuneView.swift */ = {isa = PBXFileReference; lastKnownFileType = sourcecode.swift; path = TuneView.swift; sourceTree = "<group>"; };
		E35FC545B7F8212EB1D2D63A /* WaveformCanvas.swift */ = {isa = PBXFileReference; lastKnownFileType = sourcecode.swift; path = WaveformCanvas.swift; sourceTree = "<group>"; };
		E9F3FC3AD691E3BB851C0937 /* Info.plist */ = {isa = PBXFileReference; lastKnownFileType = text.plist; path = Info.plist; sourceTree = "<group>"; };
		EC647190E3A7548BE15C53F8 /* SettingsView.swift */ = {isa = PBXFileReference; lastKnownFileType = sourcecode.swift; path = SettingsView.swift; sourceTree = "<group>"; };
		F3A7DC77601AE0861F181026 /* PrivacyPolicyView.swift */ = {isa = PBXFileReference; lastKnownFileType = sourcecode.swift; path = PrivacyPolicyView.swift; sourceTree = "<group>"; };
		F8D6F620A113A10A0FB13C74 /* NotificationManager.swift */ = {isa = PBXFileReference; lastKnownFileType = sourcecode.swift; path = NotificationManager.swift; sourceTree = "<group>"; };
		FC96F0F9361D0F9757E9FC89 /* FrequencyPresetsView.swift */ = {isa = PBXFileReference; lastKnownFileType = sourcecode.swift; path = FrequencyPresetsView.swift; sourceTree = "<group>"; };
		FE51C6B7329EC2C9D460605D /* NotchedNoiseSection.swift */ = {isa = PBXFileReference; lastKnownFileType = sourcecode.swift; path = NotchedNoiseSection.swift; sourceTree = "<group>"; };
/* End PBXFileReference section */

/* Begin PBXFrameworksBuildPhase section */
		E1470560D4F909F78FDE3FB6 /* Frameworks */ = {
			isa = PBXFrameworksBuildPhase;
			buildActionMask = 2147483647;
			files = (
				2E62F88D2D85016A6FC65F4A /* RevenueCat in Frameworks */,
			);
			runOnlyForDeploymentPostprocessing = 0;
		};
/* End PBXFrameworksBuildPhase section */

/* Begin PBXGroup section */
		01FCB04405F6B670681221FF /* Tune */ = {
			isa = PBXGroup;
			children = (
				8874EAC36A06A878172FF925 /* Views */,
			);
			path = Tune;
			sourceTree = "<group>";
		};
		07EB20D17DA3AB82FBEFAAB7 /* Extensions */ = {
			isa = PBXGroup;
			children = (
			);
			path = Extensions;
			sourceTree = "<group>";
		};
		0F732532C3D7FF641542251D /* Features */ = {
			isa = PBXGroup;
			children = (
				C061E47298D2ECEBF2A94D3C /* ContentView.swift */,
				3AA8ABBAEAB8D6DCFC08D1F6 /* Help */,
				E36065582A9B9FB7B9417E3F /* Journal */,
				3DE80521E2BDB0E1C572F7CB /* Legal */,
				62A8BBB0F64B1D2637B40D70 /* Onboarding */,
				65B73BADB05FA307D1B2CCE9 /* Paywall */,
				2D378A798CD4D55FCC3218B5 /* Session */,
				29EA60E9580D65D00AE3E92E /* Settings */,
				3376A58D0F141C4DDC9DD878 /* Therapy */,
				01FCB04405F6B670681221FF /* Tune */,
			);
			path = Features;
			sourceTree = "<group>";
		};
		258ED7EC85D7871C1A354F30 /* Fonts */ = {
			isa = PBXGroup;
			children = (
			);
			path = Fonts;
			sourceTree = "<group>";
		};
		26BC6AFF9B04ABDB63DC0DE4 /* Data */ = {
			isa = PBXGroup;
			children = (
				CF161A76AD30C1888F5DB963 /* Models */,
				DD26AFB23DFF0E40547DCE79 /* Repositories */,
			);
			path = Data;
			sourceTree = "<group>";
		};
		29EA60E9580D65D00AE3E92E /* Settings */ = {
			isa = PBXGroup;
			children = (
				EC647190E3A7548BE15C53F8 /* SettingsView.swift */,
			);
			path = Settings;
			sourceTree = "<group>";
		};
		2D378A798CD4D55FCC3218B5 /* Session */ = {
			isa = PBXGroup;
			children = (
				5F3F56470AC9B0A00354CEEF /* Views */,
			);
			path = Session;
			sourceTree = "<group>";
		};
		3376A58D0F141C4DDC9DD878 /* Therapy */ = {
			isa = PBXGroup;
			children = (
				888B9BB4339495D2C0C56E0D /* Views */,
			);
			path = Therapy;
			sourceTree = "<group>";
		};
		3AA8ABBAEAB8D6DCFC08D1F6 /* Help */ = {
			isa = PBXGroup;
			children = (
				0A92DEC24DCDA06B9A11B100 /* GettingStartedView.swift */,
			);
			path = Help;
			sourceTree = "<group>";
		};
		3DE80521E2BDB0E1C572F7CB /* Legal */ = {
			isa = PBXGroup;
			children = (
				F3A7DC77601AE0861F181026 /* PrivacyPolicyView.swift */,
				DBE2697D65429813E75E4941 /* TermsOfServiceView.swift */,
			);
			path = Legal;
			sourceTree = "<group>";
		};
		43D6A4165B79242B2335B019 /* Managers */ = {
			isa = PBXGroup;
			children = (
				226FBA3079E60F0C9B3C89C6 /* AppSettings.swift */,
				495EDA27A1AEF13F806FE206 /* ExportManager.swift */,
				D7325F1A8BCD7BF74DEF77ED /* HapticManager.swift */,
				F8D6F620A113A10A0FB13C74 /* NotificationManager.swift */,
				5259E557AB8585F67C6A89B4 /* SessionManager.swift */,
				DBD3BDA3FED6493540B4160D /* SubscriptionManager.swift */,
			);
			path = Managers;
			sourceTree = "<group>";
		};
		4C92B3770FD445379651AD76 /* TinnitusReliefProTests */ = {
			isa = PBXGroup;
			children = (
				40508E704F54303272E8F4D5 /* TinnitusReliefProTests.swift */,
			);
			path = TinnitusReliefProTests;
			sourceTree = "<group>";
		};
		4DF8ABA80DB29E7EE55E2BA7 /* Views */ = {
			isa = PBXGroup;
			children = (
				4CB418C7548423868CEA8B67 /* PaywallView.swift */,
			);
			path = Views;
			sourceTree = "<group>";
		};
		5EA0B4EB8BD7FFEF165A01FA /* Resources */ = {
			isa = PBXGroup;
			children = (
				10CDB0187627521347C54583 /* Assets.xcassets */,
				258ED7EC85D7871C1A354F30 /* Fonts */,
			);
			path = Resources;
			sourceTree = "<group>";
		};
		5F3F56470AC9B0A00354CEEF /* Views */ = {
			isa = PBXGroup;
			children = (
				12410F306FCD0329A5379895 /* CircularTimerView.swift */,
				283D9241B9CD6B966FB59FE7 /* SessionStatsGrid.swift */,
				432CFFBF2C88EA2DDAEC3E35 /* SessionView.swift */,
			);
			path = Views;
			sourceTree = "<group>";
		};
		62A8BBB0F64B1D2637B40D70 /* Onboarding */ = {
			isa = PBXGroup;
			children = (
				737236A51D4A14EB7E666F4B /* Views */,
			);
			path = Onboarding;
			sourceTree = "<group>";
		};
		62C4E4B2A0AF4016FD55027E /* TinnitusReliefProUITests */ = {
			isa = PBXGroup;
			children = (
				0496ECEE1971B827A089999C /* TinnitusReliefProUITests.swift */,
			);
			path = TinnitusReliefProUITests;
			sourceTree = "<group>";
		};
		65B73BADB05FA307D1B2CCE9 /* Paywall */ = {
			isa = PBXGroup;
			children = (
				4DF8ABA80DB29E7EE55E2BA7 /* Views */,
			);
			path = Paywall;
			sourceTree = "<group>";
		};
		67CD7158232034183E434750 /* Theme */ = {
			isa = PBXGroup;
			children = (
				DC084E1E20F656E25C9A56DF /* Theme.swift */,
			);
			path = Theme;
			sourceTree = "<group>";
		};
		737236A51D4A14EB7E666F4B /* Views */ = {
			isa = PBXGroup;
			children = (
				368A729D297BB1B17515C05E /* OnboardingView.swift */,
			);
			path = Views;
			sourceTree = "<group>";
		};
		8874EAC36A06A878172FF925 /* Views */ = {
			isa = PBXGroup;
			children = (
				36407DC2DBC17849EA5A53F9 /* AutoTuningSection.swift */,
				5636B1332A90F6F7DE8E48A1 /* FrequencyHeroView.swift */,
				FC96F0F9361D0F9757E9FC89 /* FrequencyPresetsView.swift */,
				8E8F30A658BB973530D86E8C /* ManualTuningSection.swift */,
				DEFF239E886EF3A0B272BCC6 /* TuneView.swift */,
			);
			path = Views;
			sourceTree = "<group>";
		};
		888B9BB4339495D2C0C56E0D /* Views */ = {
			isa = PBXGroup;
			children = (
				9C26D50BAA00BF019D49F3D8 /* NotchedMusicSection.swift */,
				FE51C6B7329EC2C9D460605D /* NotchedNoiseSection.swift */,
				8BC2CF9CF0AD3DE749AAC473 /* TherapyView.swift */,
			);
			path = Views;
			sourceTree = "<group>";
		};
		8EEA1108B53EF250E088E8F7 /* Components */ = {
			isa = PBXGroup;
			children = (
				802363B2699CFE2665A87AF4 /* MoodLightOverlay.swift */,
				3ABED36416380E23346D8F68 /* NotchShapeCanvas.swift */,
				B62D523BEC750E31D10571AF /* SpectrumCanvas.swift */,
				E35FC545B7F8212EB1D2D63A /* WaveformCanvas.swift */,
			);
			path = Components;
			sourceTree = "<group>";
		};
		9F6D8F632CDC9CC5A35A013A /* Audio */ = {
			isa = PBXGroup;
			children = (
				B8A77EC23E16EB030DD814AF /* AudioEngineManager.swift */,
				8945E351D8FE93F15CAA57F6 /* AudioSessionConfig.swift */,
				76EC21C5509699880E7028EB /* FrequencyAnalyzer.swift */,
				D62022ECD2A40533A8C03101 /* NoiseGenerator.swift */,
				C4DA632196E3DB4794A42470 /* NotchFilterBank.swift */,
				956EC27821790BA06F15470A /* OscillatorNode.swift */,
			);
			path = Audio;
			sourceTree = "<group>";
		};
		BB68E1861E0FB9217F8ACF7E = {
			isa = PBXGroup;
			children = (
				FB351923A89DC611136795F3 /* TinnitusReliefPro */,
				E2FC6E16226A2319660736D3 /* TinnitusReliefPro */,
				4C92B3770FD445379651AD76 /* TinnitusReliefProTests */,
				62C4E4B2A0AF4016FD55027E /* TinnitusReliefProUITests */,
				D070265342C41DDF40B1D97D /* Products */,
			);
			sourceTree = "<group>";
		};
		C59A3FB45CB71C404783B3B8 /* SharedViews */ = {
			isa = PBXGroup;
			children = (
				8EEA1108B53EF250E088E8F7 /* Components */,
			);
			path = SharedViews;
			sourceTree = "<group>";
		};
		CA5950F553D029C9766AD05A /* App */ = {
			isa = PBXGroup;
			children = (
				8C5D3EBC67C11A6BFD33053C /* TinnitusReliefProApp.swift */,
			);
			path = App;
			sourceTree = "<group>";
		};
		CAF56879E9E6D4BDBF7DEA95 /* Views */ = {
			isa = PBXGroup;
			children = (
				01B6A213B983042B05B7A72F /* CheckInSheet.swift */,
				46B80C2B09AFA7FEA719A30D /* JournalEntryRow.swift */,
				7A5CCA08F2DA6F0239291221 /* JournalView.swift */,
				413775B2D6B0A67AFA985D8A /* SeverityChartView.swift */,
			);
			path = Views;
			sourceTree = "<group>";
		};
		CF161A76AD30C1888F5DB963 /* Models */ = {
			isa = PBXGroup;
			children = (
				201F9354399A9AD22E691C21 /* JournalEntry.swift */,
				9C5C942834CC4EC7EFA55732 /* TinnitusSession.swift */,
				AE8898291ADD27437E840B78 /* UserProfile.swift */,
			);
			path = Models;
			sourceTree = "<group>";
		};
		D070265342C41DDF40B1D97D /* Products */ = {
			isa = PBXGroup;
			children = (
				6CE9A87099623FE52B7DDAD1 /* TinnitusReliefPro.app */,
				08FE0AFAF5AE1D698CAA1504 /* TinnitusReliefProTests.xctest */,
				02495E8C31E09EF254C0F863 /* TinnitusReliefProUITests.xctest */,
			);
			name = Products;
			sourceTree = "<group>";
		};
		DD26AFB23DFF0E40547DCE79 /* Repositories */ = {
			isa = PBXGroup;
			children = (
				339CD0360797DAE4F8B48BFF /* JournalRepository.swift */,
				27CE174B21369EC8320D97DC /* ProfileRepository.swift */,
				5325DFB6E9AAC72F132CB12E /* SessionRepository.swift */,
			);
			path = Repositories;
			sourceTree = "<group>";
		};
		E2FC6E16226A2319660736D3 /* TinnitusReliefPro */ = {
			isa = PBXGroup;
			children = (
				9489F9E8E3B577B320620C48 /* Debug.xcconfig */,
				70DAADF56A1F00674CF8F41C /* Release.xcconfig */,
			);
			name = TinnitusReliefPro;
			path = .;
			sourceTree = "<group>";
		};
		E36065582A9B9FB7B9417E3F /* Journal */ = {
			isa = PBXGroup;
			children = (
				CAF56879E9E6D4BDBF7DEA95 /* Views */,
			);
			path = Journal;
			sourceTree = "<group>";
		};
		ED64DDC86BD5C0615EB62BAD /* Core */ = {
			isa = PBXGroup;
			children = (
				9F6D8F632CDC9CC5A35A013A /* Audio */,
				26BC6AFF9B04ABDB63DC0DE4 /* Data */,
				07EB20D17DA3AB82FBEFAAB7 /* Extensions */,
				43D6A4165B79242B2335B019 /* Managers */,
				67CD7158232034183E434750 /* Theme */,
			);
			path = Core;
			sourceTree = "<group>";
		};
		F0F0D346D33C7673DAE2481C /* Preview Content */ = {
			isa = PBXGroup;
			children = (
			);
			path = "Preview Content";
			sourceTree = "<group>";
		};
		FB351923A89DC611136795F3 /* TinnitusReliefPro */ = {
			isa = PBXGroup;
			children = (
				E9F3FC3AD691E3BB851C0937 /* Info.plist */,
				3897C94F2336F638083C1C61 /* PrivacyInfo.xcprivacy */,
				09158F86A2688615235A08F1 /* TinnitusReliefPro.entitlements */,
				CA5950F553D029C9766AD05A /* App */,
				ED64DDC86BD5C0615EB62BAD /* Core */,
				0F732532C3D7FF641542251D /* Features */,
				F0F0D346D33C7673DAE2481C /* Preview Content */,
				5EA0B4EB8BD7FFEF165A01FA /* Resources */,
				C59A3FB45CB71C404783B3B8 /* SharedViews */,
			);
			path = TinnitusReliefPro;
			sourceTree = "<group>";
		};
/* End PBXGroup section */

/* Begin PBXNativeTarget section */
		503CA4E45B46E2BB15E73C13 /* TinnitusReliefProTests */ = {
			isa = PBXNativeTarget;
			buildConfigurationList = 72072D44AECAB0C682952283 /* Build configuration list for PBXNativeTarget "TinnitusReliefProTests" */;
			buildPhases = (
				4FA5165EC409F4ACF504C37F /* Sources */,
			);
			buildRules = (
			);
			dependencies = (
				ABE275E02C8230BA745DF8DD /* PBXTargetDependency */,
			);
			name = TinnitusReliefProTests;
			packageProductDependencies = (
			);
			productName = TinnitusReliefProTests;
			productReference = 08FE0AFAF5AE1D698CAA1504 /* TinnitusReliefProTests.xctest */;
			productType = "com.apple.product-type.bundle.unit-test";
		};
		66C8466BD035E1A714DBB22A /* TinnitusReliefProUITests */ = {
			isa = PBXNativeTarget;
			buildConfigurationList = 93ED7159D8AC53F073E339C7 /* Build configuration list for PBXNativeTarget "TinnitusReliefProUITests" */;
			buildPhases = (
				284BA766F60CA4AAB5E0641F /* Sources */,
			);
			buildRules = (
			);
			dependencies = (
				0B2979FDA29E17CA90349946 /* PBXTargetDependency */,
			);
			name = TinnitusReliefProUITests;
			packageProductDependencies = (
			);
			productName = TinnitusReliefProUITests;
			productReference = 02495E8C31E09EF254C0F863 /* TinnitusReliefProUITests.xctest */;
			productType = "com.apple.product-type.bundle.ui-testing";
		};
		B9CB06AEF3CAA7E170FD9A83 /* TinnitusReliefPro */ = {
			isa = PBXNativeTarget;
			buildConfigurationList = 224A45050C714C3650B8D832 /* Build configuration list for PBXNativeTarget "TinnitusReliefPro" */;
			buildPhases = (
				D15A19F9208FED2533A5F873 /* Sources */,
				D4289D32544CE82A2F4E939C /* Resources */,
				E1470560D4F909F78FDE3FB6 /* Frameworks */,
			);
			buildRules = (
			);
			dependencies = (
			);
			name = TinnitusReliefPro;
			packageProductDependencies = (
				E37ACB95E3AA58A2A9B03647 /* RevenueCat */,
			);
			productName = TinnitusReliefPro;
			productReference = 6CE9A87099623FE52B7DDAD1 /* TinnitusReliefPro.app */;
			productType = "com.apple.product-type.application";
		};
/* End PBXNativeTarget section */

/* Begin PBXProject section */
		626182405EEF0554542C89CA /* Project object */ = {
			isa = PBXProject;
			attributes = {
				BuildIndependentTargetsInParallel = YES;
				LastUpgradeCheck = 2620;
				TargetAttributes = {
					66C8466BD035E1A714DBB22A = {
						TestTargetID = B9CB06AEF3CAA7E170FD9A83;
					};
				};
			};
			buildConfigurationList = 4F345A859B7A0286BF5E9FA9 /* Build configuration list for PBXProject "TinnitusReliefPro" */;
			compatibilityVersion = "Xcode 14.0";
			developmentRegion = en;
			hasScannedForEncodings = 0;
			knownRegions = (
				Base,
				en,
			);
			mainGroup = BB68E1861E0FB9217F8ACF7E;
			minimizedProjectReferenceProxies = 1;
			packageReferences = (
				A98A7403FBF3284EBC7FDF4B /* XCRemoteSwiftPackageReference "purchases-ios" */,
			);
			preferredProjectObjectVersion = 77;
			projectDirPath = "";
			projectRoot = "";
			targets = (
				B9CB06AEF3CAA7E170FD9A83 /* TinnitusReliefPro */,
				503CA4E45B46E2BB15E73C13 /* TinnitusReliefProTests */,
				66C8466BD035E1A714DBB22A /* TinnitusReliefProUITests */,
			);
		};
/* End PBXProject section */

/* Begin PBXResourcesBuildPhase section */
		D4289D32544CE82A2F4E939C /* Resources */ = {
			isa = PBXResourcesBuildPhase;
			buildActionMask = 2147483647;
			files = (
				E3E9569DF2C23B02DF521DC4 /* Assets.xcassets in Resources */,
				9E5969859B338BAEAB46FBA0 /* PrivacyInfo.xcprivacy in Resources */,
			);
			runOnlyForDeploymentPostprocessing = 0;
		};
/* End PBXResourcesBuildPhase section */

/* Begin PBXSourcesBuildPhase section */
		284BA766F60CA4AAB5E0641F /* Sources */ = {
			isa = PBXSourcesBuildPhase;
			buildActionMask = 2147483647;
			files = (
				4EFD33D1F456C0C7D0D06EB3 /* TinnitusReliefProUITests.swift in Sources */,
			);
			runOnlyForDeploymentPostprocessing = 0;
		};
		4FA5165EC409F4ACF504C37F /* Sources */ = {
			isa = PBXSourcesBuildPhase;
			buildActionMask = 2147483647;
			files = (
				703EC51E8990A1DB982A885D /* TinnitusReliefProTests.swift in Sources */,
			);
			runOnlyForDeploymentPostprocessing = 0;
		};
		D15A19F9208FED2533A5F873 /* Sources */ = {
			isa = PBXSourcesBuildPhase;
			buildActionMask = 2147483647;
			files = (
				FC6E22379C856E08621CA05B /* AppSettings.swift in Sources */,
				875287F34829FC41D7D39CF8 /* AudioEngineManager.swift in Sources */,
				1BFD7DFCAAD59B1608B55949 /* AudioSessionConfig.swift in Sources */,
				4640C64676AEBE6F74E13C43 /* AutoTuningSection.swift in Sources */,
				3B8417142D65966F5E70200B /* CheckInSheet.swift in Sources */,
				4B810927C5F5E6F7FE05D1AF /* CircularTimerView.swift in Sources */,
				DB79699750CFDB3D23A8B6FE /* ContentView.swift in Sources */,
				C6E89C45FB599ED4B7AD6C47 /* ExportManager.swift in Sources */,
				2932CA4C171029F8740AF064 /* FrequencyAnalyzer.swift in Sources */,
				10080717CED382C6B0954523 /* FrequencyHeroView.swift in Sources */,
				CD9907BD4DEE10CF4C27882B /* FrequencyPresetsView.swift in Sources */,
				F4E3CB66AC8CBB5ABC2210A9 /* GettingStartedView.swift in Sources */,
				FF8FD8F2728A118907B5BC05 /* HapticManager.swift in Sources */,
				3B33F3F5F82B4BA246E0028F /* JournalEntry.swift in Sources */,
				208E66FD847817B347717D1A /* JournalEntryRow.swift in Sources */,
				3364B8D5C6986E4DBF9A442B /* JournalRepository.swift in Sources */,
				A3E40006DCDE2EE0B069915E /* JournalView.swift in Sources */,
				1DBFAD72E113D2DE549294E1 /* ManualTuningSection.swift in Sources */,
				C259163250F2D483026AF650 /* MoodLightOverlay.swift in Sources */,
				4EDE5FAF5CF611F6B5756167 /* NoiseGenerator.swift in Sources */,
				7C058D0633D3A85082CD9A16 /* NotchFilterBank.swift in Sources */,
				C1E9B2CCA4D5B2F3CBDAA267 /* NotchShapeCanvas.swift in Sources */,
				3E5610361AD6B715F6639803 /* NotchedMusicSection.swift in Sources */,
				407D6D4D1E131DCF3A227945 /* NotchedNoiseSection.swift in Sources */,
				3701E049579877B96C480638 /* NotificationManager.swift in Sources */,
				4911FEBC54F53955B8E30D50 /* OnboardingView.swift in Sources */,
				98D595AEC48AB6827A697715 /* OscillatorNode.swift in Sources */,
				DD75155C913BE8CE81CD4366 /* PaywallView.swift in Sources */,
				75C142088FEB4A5DC9ECBEC6 /* PrivacyPolicyView.swift in Sources */,
				A5703361A3E84B818FFB371E /* ProfileRepository.swift in Sources */,
				77463E6288AFE585D2DB462C /* SessionManager.swift in Sources */,
				8B38EBF4B20E28E1AABBFC44 /* SessionRepository.swift in Sources */,
				9754A80CA6589314FCFB81D5 /* SessionStatsGrid.swift in Sources */,
				5DF6E3F2924E79E8B5945844 /* SessionView.swift in Sources */,
				39E49143113AFDAA5846FA96 /* SettingsView.swift in Sources */,
				B35CFE30081D507C697FF425 /* SeverityChartView.swift in Sources */,
				74F1D856D3F50E792A6B5455 /* SpectrumCanvas.swift in Sources */,
				5CCA868A167CDB3831A56320 /* SubscriptionManager.swift in Sources */,
				F2FF02347BCCA3FF5EBDB958 /* TermsOfServiceView.swift in Sources */,
				18D444FA6D526EACDEE126C2 /* Theme.swift in Sources */,
				44760CEBA20D792C80D3DFD4 /* TherapyView.swift in Sources */,
				06550058FEBEDE29262269C1 /* TinnitusReliefProApp.swift in Sources */,
				3F88E30D19F273910E900097 /* TinnitusSession.swift in Sources */,
				C5881032DB9F982A149ECC20 /* TuneView.swift in Sources */,
				C872DB3098F11C4B999739CB /* UserProfile.swift in Sources */,
				50CAEDE3D04682E4E1C08A25 /* WaveformCanvas.swift in Sources */,
			);
			runOnlyForDeploymentPostprocessing = 0;
		};
/* End PBXSourcesBuildPhase section */

/* Begin PBXTargetDependency section */
		0B2979FDA29E17CA90349946 /* PBXTargetDependency */ = {
			isa = PBXTargetDependency;
			target = B9CB06AEF3CAA7E170FD9A83 /* TinnitusReliefPro */;
			targetProxy = 3F45AF1433BD4FD609A9926B /* PBXContainerItemProxy */;
		};
		ABE275E02C8230BA745DF8DD /* PBXTargetDependency */ = {
			isa = PBXTargetDependency;
			target = B9CB06AEF3CAA7E170FD9A83 /* TinnitusReliefPro */;
			targetProxy = 7F5ECC2C127D0CCE8E06D9D4 /* PBXContainerItemProxy */;
		};
/* End PBXTargetDependency section */

/* Begin XCBuildConfiguration section */
		0232FF40009C294DDBCBDC3F /* Release */ = {
			isa = XCBuildConfiguration;
			buildSettings = {
				BUNDLE_LOADER = "$(TEST_HOST)";
				GENERATE_INFOPLIST_FILE = YES;
				LD_RUNPATH_SEARCH_PATHS = (
					"$(inherited)",
					"@executable_path/Frameworks",
					"@loader_path/Frameworks",
				);
				PRODUCT_BUNDLE_IDENTIFIER = com.paulabac.tinnitusreliefpro.tests;
				SDKROOT = iphoneos;
				TARGETED_DEVICE_FAMILY = "1,2";
				TEST_HOST = "$(BUILT_PRODUCTS_DIR)/TinnitusReliefPro.app/TinnitusReliefPro";
			};
			name = Release;
		};
		09864E8A92A2969794BF2D8F /* Debug */ = {
			isa = XCBuildConfiguration;
			buildSettings = {
				BUNDLE_LOADER = "$(TEST_HOST)";
				GENERATE_INFOPLIST_FILE = YES;
				LD_RUNPATH_SEARCH_PATHS = (
					"$(inherited)",
					"@executable_path/Frameworks",
					"@loader_path/Frameworks",
				);
				PRODUCT_BUNDLE_IDENTIFIER = com.paulabac.tinnitusreliefpro.uitests;
				SDKROOT = iphoneos;
				TARGETED_DEVICE_FAMILY = "1,2";
				TEST_TARGET_NAME = TinnitusReliefPro;
			};
			name = Debug;
		};
		163696B04D6347DA354FBB14 /* Release */ = {
			isa = XCBuildConfiguration;
			buildSettings = {
				BUNDLE_LOADER = "$(TEST_HOST)";
				GENERATE_INFOPLIST_FILE = YES;
				LD_RUNPATH_SEARCH_PATHS = (
					"$(inherited)",
					"@executable_path/Frameworks",
					"@loader_path/Frameworks",
				);
				PRODUCT_BUNDLE_IDENTIFIER = com.paulabac.tinnitusreliefpro.uitests;
				SDKROOT = iphoneos;
				TARGETED_DEVICE_FAMILY = "1,2";
				TEST_TARGET_NAME = TinnitusReliefPro;
			};
			name = Release;
		};
		250EA988DD4AFBAEED587C69 /* Release */ = {
			isa = XCBuildConfiguration;
			baseConfigurationReference = 70DAADF56A1F00674CF8F41C /* Release.xcconfig */;
			buildSettings = {
				ALWAYS_SEARCH_USER_PATHS = NO;
				CLANG_ANALYZER_NONNULL = YES;
				CLANG_ANALYZER_NUMBER_OBJECT_CONVERSION = YES_AGGRESSIVE;
				CLANG_CXX_LANGUAGE_STANDARD = "gnu++14";
				CLANG_CXX_LIBRARY = "libc++";
				CLANG_ENABLE_MODULES = YES;
				CLANG_ENABLE_OBJC_ARC = YES;
				CLANG_ENABLE_OBJC_WEAK = YES;
				CLANG_WARN_BLOCK_CAPTURE_AUTORELEASING = YES;
				CLANG_WARN_BOOL_CONVERSION = YES;
				CLANG_WARN_COMMA = YES;
				CLANG_WARN_CONSTANT_CONVERSION = YES;
				CLANG_WARN_DEPRECATED_OBJC_IMPLEMENTATIONS = YES;
				CLANG_WARN_DIRECT_OBJC_ISA_USAGE = YES_ERROR;
				CLANG_WARN_DOCUMENTATION_COMMENTS = YES;
				CLANG_WARN_EMPTY_BODY = YES;
				CLANG_WARN_ENUM_CONVERSION = YES;
				CLANG_WARN_INFINITE_RECURSION = YES;
				CLANG_WARN_INT_CONVERSION = YES;
				CLANG_WARN_NON_LITERAL_NULL_CONVERSION = YES;
				CLANG_WARN_OBJC_IMPLICIT_RETAIN_SELF = YES;
				CLANG_WARN_OBJC_LITERAL_CONVERSION = YES;
				CLANG_WARN_OBJC_ROOT_CLASS = YES_ERROR;
				CLANG_WARN_QUOTED_INCLUDE_IN_FRAMEWORK_HEADER = YES;
				CLANG_WARN_RANGE_LOOP_ANALYSIS = YES;
				CLANG_WARN_STRICT_PROTOTYPES = YES;
				CLANG_WARN_SUSPICIOUS_MOVE = YES;
				CLANG_WARN_UNGUARDED_AVAILABILITY = YES_AGGRESSIVE;
				CLANG_WARN_UNREACHABLE_CODE = YES;
				CLANG_WARN__DUPLICATE_METHOD_MATCH = YES;
				COPY_PHASE_STRIP = NO;
				CURRENT_PROJECT_VERSION = 1;
				DEBUG_INFORMATION_FORMAT = "dwarf-with-dsym";
				ENABLE_NS_ASSERTIONS = NO;
				ENABLE_STRICT_OBJC_MSGSEND = YES;
				GCC_C_LANGUAGE_STANDARD = gnu11;
				GCC_NO_COMMON_BLOCKS = YES;
				GCC_WARN_64_TO_32_BIT_CONVERSION = YES;
				GCC_WARN_ABOUT_RETURN_TYPE = YES_ERROR;
				GCC_WARN_UNDECLARED_SELECTOR = YES;
				GCC_WARN_UNINITIALIZED_AUTOS = YES_AGGRESSIVE;
				GCC_WARN_UNUSED_FUNCTION = YES;
				GCC_WARN_UNUSED_VARIABLE = YES;
				IPHONEOS_DEPLOYMENT_TARGET = 17.0;
				MARKETING_VERSION = 1.0.0;
				MTL_ENABLE_DEBUG_INFO = NO;
				MTL_FAST_MATH = YES;
				PRODUCT_NAME = "$(TARGET_NAME)";
				SDKROOT = iphoneos;
				SWIFT_COMPILATION_MODE = wholemodule;
				SWIFT_OPTIMIZATION_LEVEL = "-O";
				SWIFT_VERSION = 6.0;
			};
			name = Release;
		};
		5249481371E0AE5B07516133 /* Debug */ = {
			isa = XCBuildConfiguration;
			buildSettings = {
				BUNDLE_LOADER = "$(TEST_HOST)";
				GENERATE_INFOPLIST_FILE = YES;
				LD_RUNPATH_SEARCH_PATHS = (
					"$(inherited)",
					"@executable_path/Frameworks",
					"@loader_path/Frameworks",
				);
				PRODUCT_BUNDLE_IDENTIFIER = com.paulabac.tinnitusreliefpro.tests;
				SDKROOT = iphoneos;
				TARGETED_DEVICE_FAMILY = "1,2";
				TEST_HOST = "$(BUILT_PRODUCTS_DIR)/TinnitusReliefPro.app/TinnitusReliefPro";
			};
			name = Debug;
		};
		9311189BFDCD3DADE8C755C4 /* Debug */ = {
			isa = XCBuildConfiguration;
			buildSettings = {
				ASSETCATALOG_COMPILER_APPICON_NAME = AppIcon;
				CODE_SIGNING_REQUIRED = NO;
				CODE_SIGN_ENTITLEMENTS = TinnitusReliefPro/TinnitusReliefPro.entitlements;
				CODE_SIGN_IDENTITY = "-";
				INFOPLIST_FILE = TinnitusReliefPro/Info.plist;
				IPHONEOS_DEPLOYMENT_TARGET = 17.0;
				LD_RUNPATH_SEARCH_PATHS = (
					"$(inherited)",
					"@executable_path/Frameworks",
				);
				PRODUCT_BUNDLE_IDENTIFIER = com.paulabac.tinnitusreliefpro;
				SDKROOT = iphoneos;
				SWIFT_STRICT_CONCURRENCY = complete;
				TARGETED_DEVICE_FAMILY = "1,2";
			};
			name = Debug;
		};
		A343A14E43D3D5522527348D /* Debug */ = {
			isa = XCBuildConfiguration;
			baseConfigurationReference = 9489F9E8E3B577B320620C48 /* Debug.xcconfig */;
			buildSettings = {
				ALWAYS_SEARCH_USER_PATHS = NO;
				CLANG_ANALYZER_NONNULL = YES;
				CLANG_ANALYZER_NUMBER_OBJECT_CONVERSION = YES_AGGRESSIVE;
				CLANG_CXX_LANGUAGE_STANDARD = "gnu++14";
				CLANG_CXX_LIBRARY = "libc++";
				CLANG_ENABLE_MODULES = YES;
				CLANG_ENABLE_OBJC_ARC = YES;
				CLANG_ENABLE_OBJC_WEAK = YES;
				CLANG_WARN_BLOCK_CAPTURE_AUTORELEASING = YES;
				CLANG_WARN_BOOL_CONVERSION = YES;
				CLANG_WARN_COMMA = YES;
				CLANG_WARN_CONSTANT_CONVERSION = YES;
				CLANG_WARN_DEPRECATED_OBJC_IMPLEMENTATIONS = YES;
				CLANG_WARN_DIRECT_OBJC_ISA_USAGE = YES_ERROR;
				CLANG_WARN_DOCUMENTATION_COMMENTS = YES;
				CLANG_WARN_EMPTY_BODY = YES;
				CLANG_WARN_ENUM_CONVERSION = YES;
				CLANG_WARN_INFINITE_RECURSION = YES;
				CLANG_WARN_INT_CONVERSION = YES;
				CLANG_WARN_NON_LITERAL_NULL_CONVERSION = YES;
				CLANG_WARN_OBJC_IMPLICIT_RETAIN_SELF = YES;
				CLANG_WARN_OBJC_LITERAL_CONVERSION = YES;
				CLANG_WARN_OBJC_ROOT_CLASS = YES_ERROR;
				CLANG_WARN_QUOTED_INCLUDE_IN_FRAMEWORK_HEADER = YES;
				CLANG_WARN_RANGE_LOOP_ANALYSIS = YES;
				CLANG_WARN_STRICT_PROTOTYPES = YES;
				CLANG_WARN_SUSPICIOUS_MOVE = YES;
				CLANG_WARN_UNGUARDED_AVAILABILITY = YES_AGGRESSIVE;
				CLANG_WARN_UNREACHABLE_CODE = YES;
				CLANG_WARN__DUPLICATE_METHOD_MATCH = YES;
				COPY_PHASE_STRIP = NO;
				CURRENT_PROJECT_VERSION = 1;
				DEBUG_INFORMATION_FORMAT = dwarf;
				ENABLE_STRICT_OBJC_MSGSEND = YES;
				ENABLE_TESTABILITY = YES;
				GCC_C_LANGUAGE_STANDARD = gnu11;
				GCC_DYNAMIC_NO_PIC = NO;
				GCC_NO_COMMON_BLOCKS = YES;
				GCC_OPTIMIZATION_LEVEL = 0;
				GCC_PREPROCESSOR_DEFINITIONS = (
					"$(inherited)",
					"DEBUG=1",
				);
				GCC_WARN_64_TO_32_BIT_CONVERSION = YES;
				GCC_WARN_ABOUT_RETURN_TYPE = YES_ERROR;
				GCC_WARN_UNDECLARED_SELECTOR = YES;
				GCC_WARN_UNINITIALIZED_AUTOS = YES_AGGRESSIVE;
				GCC_WARN_UNUSED_FUNCTION = YES;
				GCC_WARN_UNUSED_VARIABLE = YES;
				IPHONEOS_DEPLOYMENT_TARGET = 17.0;
				MARKETING_VERSION = 1.0.0;
				MTL_ENABLE_DEBUG_INFO = INCLUDE_SOURCE;
				MTL_FAST_MATH = YES;
				ONLY_ACTIVE_ARCH = YES;
				PRODUCT_NAME = "$(TARGET_NAME)";
				SDKROOT = iphoneos;
				SWIFT_ACTIVE_COMPILATION_CONDITIONS = DEBUG;
				SWIFT_OPTIMIZATION_LEVEL = "-Onone";
				SWIFT_VERSION = 6.0;
			};
			name = Debug;
		};
		C82C65E170568BFB3317DED8 /* Release */ = {
			isa = XCBuildConfiguration;
			buildSettings = {
				ASSETCATALOG_COMPILER_APPICON_NAME = AppIcon;
				CODE_SIGNING_REQUIRED = NO;
				CODE_SIGN_ENTITLEMENTS = TinnitusReliefPro/TinnitusReliefPro.entitlements;
				CODE_SIGN_IDENTITY = "-";
				INFOPLIST_FILE = TinnitusReliefPro/Info.plist;
				IPHONEOS_DEPLOYMENT_TARGET = 17.0;
				LD_RUNPATH_SEARCH_PATHS = (
					"$(inherited)",
					"@executable_path/Frameworks",
				);
				PRODUCT_BUNDLE_IDENTIFIER = com.paulabac.tinnitusreliefpro;
				SDKROOT = iphoneos;
				SWIFT_STRICT_CONCURRENCY = complete;
				TARGETED_DEVICE_FAMILY = "1,2";
			};
			name = Release;
		};
/* End XCBuildConfiguration section */

/* Begin XCConfigurationList section */
		224A45050C714C3650B8D832 /* Build configuration list for PBXNativeTarget "TinnitusReliefPro" */ = {
			isa = XCConfigurationList;
			buildConfigurations = (
				9311189BFDCD3DADE8C755C4 /* Debug */,
				C82C65E170568BFB3317DED8 /* Release */,
			);
			defaultConfigurationIsVisible = 0;
			defaultConfigurationName = Debug;
		};
		4F345A859B7A0286BF5E9FA9 /* Build configuration list for PBXProject "TinnitusReliefPro" */ = {
			isa = XCConfigurationList;
			buildConfigurations = (
				A343A14E43D3D5522527348D /* Debug */,
				250EA988DD4AFBAEED587C69 /* Release */,
			);
			defaultConfigurationIsVisible = 0;
			defaultConfigurationName = Debug;
		};
		72072D44AECAB0C682952283 /* Build configuration list for PBXNativeTarget "TinnitusReliefProTests" */ = {
			isa = XCConfigurationList;
			buildConfigurations = (
				5249481371E0AE5B07516133 /* Debug */,
				0232FF40009C294DDBCBDC3F /* Release */,
			);
			defaultConfigurationIsVisible = 0;
			defaultConfigurationName = Debug;
		};
		93ED7159D8AC53F073E339C7 /* Build configuration list for PBXNativeTarget "TinnitusReliefProUITests" */ = {
			isa = XCConfigurationList;
			buildConfigurations = (
				09864E8A92A2969794BF2D8F /* Debug */,
				163696B04D6347DA354FBB14 /* Release */,
			);
			defaultConfigurationIsVisible = 0;
			defaultConfigurationName = Debug;
		};
/* End XCConfigurationList section */

/* Begin XCRemoteSwiftPackageReference section */
		A98A7403FBF3284EBC7FDF4B /* XCRemoteSwiftPackageReference "purchases-ios" */ = {
			isa = XCRemoteSwiftPackageReference;
			repositoryURL = "https://github.com/RevenueCat/purchases-ios";
			requirement = {
				kind = upToNextMajorVersion;
				minimumVersion = 5.0.0;
			};
		};
/* End XCRemoteSwiftPackageReference section */

/* Begin XCSwiftPackageProductDependency section */
		E37ACB95E3AA58A2A9B03647 /* RevenueCat */ = {
			isa = XCSwiftPackageProductDependency;
			package = A98A7403FBF3284EBC7FDF4B /* XCRemoteSwiftPackageReference "purchases-ios" */;
			productName = RevenueCat;
		};
/* End XCSwiftPackageProductDependency section */
	};
	rootObject = 626182405EEF0554542C89CA /* Project object */;
}
